// !$*UTF8*$!
{
	archiveVersion = 1;
	classes = {
	};
	objectVersion = 50;
	objects = {

/* Begin PBXBuildFile section */
		E370AE2D25E24DA9008FAE92 /* main.c in Sources */ = {isa = PBXBuildFile; fileRef = E370AE2C25E24DA9008FAE92 /* main.c */; };
		E3BE5AAA25E24DF900364F1B /* RH_data.c in Sources */ = {isa = PBXBuildFile; fileRef = E3BE5AA225E24DF800364F1B /* RH_data.c */; };
		E3BE5AAB25E24DF900364F1B /* RH_math.c in Sources */ = {isa = PBXBuildFile; fileRef = E3BE5AA525E24DF800364F1B /* RH_math.c */; };
		E3BE5AAC25E24DF900364F1B /* RH_image.c in Sources */ = {isa = PBXBuildFile; fileRef = E3BE5AA625E24DF800364F1B /* RH_image.c */; };
		E3BE5AAD25E24DF900364F1B /* RH_lib.c in Sources */ = {isa = PBXBuildFile; fileRef = E3BE5AA725E24DF800364F1B /* RH_lib.c */; };
		E3BE5AAE25E24DF900364F1B /* RH_dsp.c in Sources */ = {isa = PBXBuildFile; fileRef = E3BE5AA825E24DF800364F1B /* RH_dsp.c */; };
		E3BE5AAF25E24DF900364F1B /* RH_utility.c in Sources */ = {isa = PBXBuildFile; fileRef = E3BE5AA925E24DF800364F1B /* RH_utility.c */; };
		E3BE5AB125E24E0600364F1B /* RH_Dummy.c in Sources */ = {isa = PBXBuildFile; fileRef = E3BE5AB025E24E0600364F1B /* RH_Dummy.c */; };
		E3BE5AB925E24E3700364F1B /* RH_Font.c in Sources */ = {isa = PBXBuildFile; fileRef = E3BE5AB625E24E3700364F1B /* RH_Font.c */; };
		E3BE5ABA25E24E3700364F1B /* RH_GUI.c in Sources */ = {isa = PBXBuildFile; fileRef = E3BE5AB725E24E3700364F1B /* RH_GUI.c */; };
		E3BE5ABD25E24E4400364F1B /* API.c in Sources */ = {isa = PBXBuildFile; fileRef = E3BE5ABC25E24E4400364F1B /* API.c */; };
/* End PBXBuildFile section */

/* Begin PBXCopyFilesBuildPhase section */
		E370AE2725E24DA9008FAE92 /* CopyFiles */ = {
			isa = PBXCopyFilesBuildPhase;
			buildActionMask = 2147483647;
			dstPath = /usr/share/man/man1/;
			dstSubfolderSpec = 0;
			files = (
			);
			runOnlyForDeploymentPostprocessing = 1;
		};
/* End PBXCopyFilesBuildPhase section */

/* Begin PBXFileReference section */
		E370AE2925E24DA9008FAE92 /* XCode_11.1 */ = {isa = PBXFileReference; explicitFileType = "compiled.mach-o.executable"; includeInIndex = 0; path = XCode_11.1; sourceTree = BUILT_PRODUCTS_DIR; };
		E370AE2C25E24DA9008FAE92 /* main.c */ = {isa = PBXFileReference; lastKnownFileType = sourcecode.c.c; path = main.c; sourceTree = "<group>"; };
		E3BE5A9D25E24DF800364F1B /* RH_lib.h */ = {isa = PBXFileReference; fileEncoding = 4; lastKnownFileType = sourcecode.c.h; name = RH_lib.h; path = ../BlackHouse/RH_lib.h; sourceTree = "<group>"; };
		E3BE5A9E25E24DF800364F1B /* RH_data.h */ = {isa = PBXFileReference; fileEncoding = 4; lastKnownFileType = sourcecode.c.h; name = RH_data.h; path = ../BlackHouse/RH_data.h; sourceTree = "<group>"; };
		E3BE5A9F25E24DF800364F1B /* RH_math.h */ = {isa = PBXFileReference; fileEncoding = 4; lastKnownFileType = sourcecode.c.h; name = RH_math.h; path = ../BlackHouse/RH_math.h; sourceTree = "<group>"; };
		E3BE5AA025E24DF800364F1B /* RH_image.h */ = {isa = PBXFileReference; fileEncoding = 4; lastKnownFileType = sourcecode.c.h; name = RH_image.h; path = ../BlackHouse/RH_image.h; sourceTree = "<group>"; };
		E3BE5AA125E24DF800364F1B /* RH_dsp.h */ = {isa = PBXFileReference; fileEncoding = 4; lastKnownFileType = sourcecode.c.h; name = RH_dsp.h; path = ../BlackHouse/RH_dsp.h; sourceTree = "<group>"; };
		E3BE5AA225E24DF800364F1B /* RH_data.c */ = {isa = PBXFileReference; fileEncoding = 4; lastKnownFileType = sourcecode.c.c; name = RH_data.c; path = ../BlackHouse/RH_data.c; sourceTree = "<group>"; };
		E3BE5AA325E24DF800364F1B /* RH_utility.h */ = {isa = PBXFileReference; fileEncoding = 4; lastKnownFileType = sourcecode.c.h; name = RH_utility.h; path = ../BlackHouse/RH_utility.h; sourceTree = "<group>"; };
		E3BE5AA425E24DF800364F1B /* RH_common.h */ = {isa = PBXFileReference; fileEncoding = 4; lastKnownFileType = sourcecode.c.h; name = RH_common.h; path = ../BlackHouse/RH_common.h; sourceTree = "<group>"; };
		E3BE5AA525E24DF800364F1B /* RH_math.c */ = {isa = PBXFileReference; fileEncoding = 4; lastKnownFileType = sourcecode.c.c; name = RH_math.c; path = ../BlackHouse/RH_math.c; sourceTree = "<group>"; };
		E3BE5AA625E24DF800364F1B /* RH_image.c */ = {isa = PBXFileReference; fileEncoding = 4; lastKnownFileType = sourcecode.c.c; name = RH_image.c; path = ../BlackHouse/RH_image.c; sourceTree = "<group>"; };
		E3BE5AA725E24DF800364F1B /* RH_lib.c */ = {isa = PBXFileReference; fileEncoding = 4; lastKnownFileType = sourcecode.c.c; name = RH_lib.c; path = ../BlackHouse/RH_lib.c; sourceTree = "<group>"; };
		E3BE5AA825E24DF800364F1B /* RH_dsp.c */ = {isa = PBXFileReference; fileEncoding = 4; lastKnownFileType = sourcecode.c.c; name = RH_dsp.c; path = ../BlackHouse/RH_dsp.c; sourceTree = "<group>"; };
		E3BE5AA925E24DF800364F1B /* RH_utility.c */ = {isa = PBXFileReference; fileEncoding = 4; lastKnownFileType = sourcecode.c.c; name = RH_utility.c; path = ../BlackHouse/RH_utility.c; sourceTree = "<group>"; };
		E3BE5AB025E24E0600364F1B /* RH_Dummy.c */ = {isa = PBXFileReference; fileEncoding = 4; lastKnownFileType = sourcecode.c.c; name = RH_Dummy.c; path = ../../RH_Dummy.c; sourceTree = "<group>"; };
		E3BE5AB325E24E3700364F1B /* RH_Font.h */ = {isa = PBXFileReference; fileEncoding = 4; lastKnownFileType = sourcecode.c.h; name = RH_Font.h; path = ../RH_Font.h; sourceTree = "<group>"; };
		E3BE5AB425E24E3700364F1B /* RH_GUI.h */ = {isa = PBXFileReference; fileEncoding = 4; lastKnownFileType = sourcecode.c.h; name = RH_GUI.h; path = ../RH_GUI.h; sourceTree = "<group>"; };
		E3BE5AB525E24E3700364F1B /* RH_GUIConfigCheck.h */ = {isa = PBXFileReference; fileEncoding = 4; lastKnownFileType = sourcecode.c.h; name = RH_GUIConfigCheck.h; path = ../RH_GUIConfigCheck.h; sourceTree = "<group>"; };
		E3BE5AB625E24E3700364F1B /* RH_Font.c */ = {isa = PBXFileReference; fileEncoding = 4; lastKnownFileType = sourcecode.c.c; name = RH_Font.c; path = ../RH_Font.c; sourceTree = "<group>"; };
		E3BE5AB725E24E3700364F1B /* RH_GUI.c */ = {isa = PBXFileReference; fileEncoding = 4; lastKnownFileType = sourcecode.c.c; name = RH_GUI.c; path = ../RH_GUI.c; sourceTree = "<group>"; };
		E3BE5AB825E24E3700364F1B /* RH_GUIConfig.h */ = {isa = PBXFileReference; fileEncoding = 4; lastKnownFileType = sourcecode.c.h; name = RH_GUIConfig.h; path = ../RH_GUIConfig.h; sourceTree = "<group>"; };
		E3BE5ABB25E24E4400364F1B /* API.h */ = {isa = PBXFileReference; fileEncoding = 4; lastKnownFileType = sourcecode.c.h; name = API.h; path = ../../API.h; sourceTree = "<group>"; };
		E3BE5ABC25E24E4400364F1B /* API.c */ = {isa = PBXFileReference; fileEncoding = 4; lastKnownFileType = sourcecode.c.c; name = API.c; path = ../../API.c; sourceTree = "<group>"; };
/* End PBXFileReference section */

/* Begin PBXFrameworksBuildPhase section */
		E370AE2625E24DA9008FAE92 /* Frameworks */ = {
			isa = PBXFrameworksBuildPhase;
			buildActionMask = 2147483647;
			files = (
			);
			runOnlyForDeploymentPostprocessing = 0;
		};
/* End PBXFrameworksBuildPhase section */

/* Begin PBXGroup section */
		E370AE2025E24DA9008FAE92 = {
			isa = PBXGroup;
			children = (
				E3BE5AB225E24E1E00364F1B /* Glucoo */,
				E3BE5A9C25E24DE400364F1B /* BlackHouse */,
				E370AE2B25E24DA9008FAE92 /* XCode_11.1 */,
				E370AE2A25E24DA9008FAE92 /* Products */,
			);
			sourceTree = "<group>";
		};
		E370AE2A25E24DA9008FAE92 /* Products */ = {
			isa = PBXGroup;
			children = (
				E370AE2925E24DA9008FAE92 /* XCode_11.1 */,
			);
			name = Products;
			sourceTree = "<group>";
		};
		E370AE2B25E24DA9008FAE92 /* XCode_11.1 */ = {
			isa = PBXGroup;
			children = (
				E3BE5ABC25E24E4400364F1B /* API.c */,
				E3BE5ABB25E24E4400364F1B /* API.h */,
				E3BE5AB025E24E0600364F1B /* RH_Dummy.c */,
				E370AE2C25E24DA9008FAE92 /* main.c */,
			);
			path = XCode_11.1;
			sourceTree = "<group>";
		};
		E3BE5A9C25E24DE400364F1B /* BlackHouse */ = {
			isa = PBXGroup;
			children = (
				E3BE5AA425E24DF800364F1B /* RH_common.h */,
				E3BE5AA225E24DF800364F1B /* RH_data.c */,
				E3BE5A9E25E24DF800364F1B /* RH_data.h */,
				E3BE5AA825E24DF800364F1B /* RH_dsp.c */,
				E3BE5AA125E24DF800364F1B /* RH_dsp.h */,
				E3BE5AA625E24DF800364F1B /* RH_image.c */,
				E3BE5AA025E24DF800364F1B /* RH_image.h */,
				E3BE5AA725E24DF800364F1B /* RH_lib.c */,
				E3BE5A9D25E24DF800364F1B /* RH_lib.h */,
				E3BE5AA525E24DF800364F1B /* RH_math.c */,
				E3BE5A9F25E24DF800364F1B /* RH_math.h */,
				E3BE5AA925E24DF800364F1B /* RH_utility.c */,
				E3BE5AA325E24DF800364F1B /* RH_utility.h */,
			);
			name = BlackHouse;
			sourceTree = "<group>";
		};
		E3BE5AB225E24E1E00364F1B /* Glucoo */ = {
			isa = PBXGroup;
			children = (
				E3BE5AB625E24E3700364F1B /* RH_Font.c */,
				E3BE5AB325E24E3700364F1B /* RH_Font.h */,
				E3BE5AB725E24E3700364F1B /* RH_GUI.c */,
				E3BE5AB425E24E3700364F1B /* RH_GUI.h */,
				E3BE5AB825E24E3700364F1B /* RH_GUIConfig.h */,
				E3BE5AB525E24E3700364F1B /* RH_GUIConfigCheck.h */,
			);
			name = Glucoo;
			sourceTree = "<group>";
		};
/* End PBXGroup section */

/* Begin PBXNativeTarget section */
		E370AE2825E24DA9008FAE92 /* XCode_11.1 */ = {
			isa = PBXNativeTarget;
			buildConfigurationList = E370AE3025E24DA9008FAE92 /* Build configuration list for PBXNativeTarget "XCode_11.1" */;
			buildPhases = (
				E370AE2525E24DA9008FAE92 /* Sources */,
				E370AE2625E24DA9008FAE92 /* Frameworks */,
				E370AE2725E24DA9008FAE92 /* CopyFiles */,
			);
			buildRules = (
			);
			dependencies = (
			);
			name = XCode_11.1;
			productName = XCode_11.1;
			productReference = E370AE2925E24DA9008FAE92 /* XCode_11.1 */;
			productType = "com.apple.product-type.tool";
		};
/* End PBXNativeTarget section */

/* Begin PBXProject section */
		E370AE2125E24DA9008FAE92 /* Project object */ = {
			isa = PBXProject;
			attributes = {
				LastUpgradeCheck = 1110;
				ORGANIZATIONNAME = "Randle Helmslay";
				TargetAttributes = {
					E370AE2825E24DA9008FAE92 = {
						CreatedOnToolsVersion = 11.1;
					};
				};
			};
			buildConfigurationList = E370AE2425E24DA9008FAE92 /* Build configuration list for PBXProject "XCode_11.1" */;
			compatibilityVersion = "Xcode 9.3";
			developmentRegion = en;
			hasScannedForEncodings = 0;
			knownRegions = (
				en,
				Base,
			);
			mainGroup = E370AE2025E24DA9008FAE92;
			productRefGroup = E370AE2A25E24DA9008FAE92 /* Products */;
			projectDirPath = "";
			projectRoot = "";
			targets = (
				E370AE2825E24DA9008FAE92 /* XCode_11.1 */,
			);
		};
/* End PBXProject section */

/* Begin PBXSourcesBuildPhase section */
		E370AE2525E24DA9008FAE92 /* Sources */ = {
			isa = PBXSourcesBuildPhase;
			buildActionMask = 2147483647;
			files = (
				E3BE5ABD25E24E4400364F1B /* API.c in Sources */,
				E3BE5AB125E24E0600364F1B /* RH_Dummy.c in Sources */,
				E3BE5AAD25E24DF900364F1B /* RH_lib.c in Sources */,
				E3BE5AAF25E24DF900364F1B /* RH_utility.c in Sources */,
				E3BE5AAB25E24DF900364F1B /* RH_math.c in Sources */,
				E370AE2D25E24DA9008FAE92 /* main.c in Sources */,
				E3BE5ABA25E24E3700364F1B /* RH_GUI.c in Sources */,
				E3BE5AAE25E24DF900364F1B /* RH_dsp.c in Sources */,
				E3BE5AB925E24E3700364F1B /* RH_Font.c in Sources */,
				E3BE5AAA25E24DF900364F1B /* RH_data.c in Sources */,
				E3BE5AAC25E24DF900364F1B /* RH_image.c in Sources */,
			);
			runOnlyForDeploymentPostprocessing = 0;
		};
/* End PBXSourcesBuildPhase section */

/* Begin XCBuildConfiguration section */
		E370AE2E25E24DA9008FAE92 /* Debug */ = {
			isa = XCBuildConfiguration;
			buildSettings = {
				ALWAYS_SEARCH_USER_PATHS = NO;
				CLANG_ANALYZER_NONNULL = YES;
				CLANG_ANALYZER_NUMBER_OBJECT_CONVERSION = YES_AGGRESSIVE;
				CLANG_CXX_LANGUAGE_STANDARD = "gnu++14";
				CLANG_CXX_LIBRARY = "libc++";
				CLANG_ENABLE_MODULES = YES;
				CLANG_ENABLE_OBJC_ARC = YES;
				CLANG_ENABLE_OBJC_WEAK = YES;
				CLANG_WARN_BLOCK_CAPTURE_AUTORELEASING = YES;
				CLANG_WARN_BOOL_CONVERSION = YES;
				CLANG_WARN_COMMA = YES;
				CLANG_WARN_CONSTANT_CONVERSION = YES;
				CLANG_WARN_DEPRECATED_OBJC_IMPLEMENTATIONS = YES;
				CLANG_WARN_DIRECT_OBJC_ISA_USAGE = YES_ERROR;
				CLANG_WARN_DOCUMENTATION_COMMENTS = YES;
				CLANG_WARN_EMPTY_BODY = YES;
				CLANG_WARN_ENUM_CONVERSION = YES;
				CLANG_WARN_INFINITE_RECURSION = YES;
				CLANG_WARN_INT_CONVERSION = YES;
				CLANG_WARN_NON_LITERAL_NULL_CONVERSION = YES;
				CLANG_WARN_OBJC_IMPLICIT_RETAIN_SELF = YES;
				CLANG_WARN_OBJC_LITERAL_CONVERSION = YES;
				CLANG_WARN_OBJC_ROOT_CLASS = YES_ERROR;
				CLANG_WARN_RANGE_LOOP_ANALYSIS = YES;
				CLANG_WARN_STRICT_PROTOTYPES = YES;
				CLANG_WARN_SUSPICIOUS_MOVE = YES;
				CLANG_WARN_UNGUARDED_AVAILABILITY = YES_AGGRESSIVE;
				CLANG_WARN_UNREACHABLE_CODE = YES;
				CLANG_WARN__DUPLICATE_METHOD_MATCH = YES;
				COPY_PHASE_STRIP = NO;
				DEBUG_INFORMATION_FORMAT = dwarf;
				ENABLE_STRICT_OBJC_MSGSEND = YES;
				ENABLE_TESTABILITY = YES;
				GCC_C_LANGUAGE_STANDARD = gnu11;
				GCC_DYNAMIC_NO_PIC = NO;
				GCC_NO_COMMON_BLOCKS = YES;
				GCC_OPTIMIZATION_LEVEL = 0;
				GCC_PREPROCESSOR_DEFINITIONS = (
					"DEBUG=1",
					"$(inherited)",
				);
				GCC_WARN_64_TO_32_BIT_CONVERSION = YES;
				GCC_WARN_ABOUT_RETURN_TYPE = YES_ERROR;
				GCC_WARN_UNDECLARED_SELECTOR = YES;
				GCC_WARN_UNINITIALIZED_AUTOS = YES_AGGRESSIVE;
				GCC_WARN_UNUSED_FUNCTION = YES;
				GCC_WARN_UNUSED_VARIABLE = YES;
				MACOSX_DEPLOYMENT_TARGET = 10.14;
				MTL_ENABLE_DEBUG_INFO = INCLUDE_SOURCE;
				MTL_FAST_MATH = YES;
				ONLY_ACTIVE_ARCH = YES;
				SDKROOT = macosx;
			};
			name = Debug;
		};
		E370AE2F25E24DA9008FAE92 /* Release */ = {
			isa = XCBuildConfiguration;
			buildSettings = {
				ALWAYS_SEARCH_USER_PATHS = NO;
				CLANG_ANALYZER_NONNULL = YES;
				CLANG_ANALYZER_NUMBER_OBJECT_CONVERSION = YES_AGGRESSIVE;
				CLANG_CXX_LANGUAGE_STANDARD = "gnu++14";
				CLANG_CXX_LIBRARY = "libc++";
				CLANG_ENABLE_MODULES = YES;
				CLANG_ENABLE_OBJC_ARC = YES;
				CLANG_ENABLE_OBJC_WEAK = YES;
				CLANG_WARN_BLOCK_CAPTURE_AUTORELEASING = YES;
				CLANG_WARN_BOOL_CONVERSION = YES;
				CLANG_WARN_COMMA = YES;
				CLANG_WARN_CONSTANT_CONVERSION = YES;
				CLANG_WARN_DEPRECATED_OBJC_IMPLEMENTATIONS = YES;
				CLANG_WARN_DIRECT_OBJC_ISA_USAGE = YES_ERROR;
				CLANG_WARN_DOCUMENTATION_COMMENTS = YES;
				CLANG_WARN_EMPTY_BODY = YES;
				CLANG_WARN_ENUM_CONVERSION = YES;
				CLANG_WARN_INFINITE_RECURSION = YES;
				CLANG_WARN_INT_CONVERSION = YES;
				CLANG_WARN_NON_LITERAL_NULL_CONVERSION = YES;
				CLANG_WARN_OBJC_IMPLICIT_RETAIN_SELF = YES;
				CLANG_WARN_OBJC_LITERAL_CONVERSION = YES;
				CLANG_WARN_OBJC_ROOT_CLASS = YES_ERROR;
				CLANG_WARN_RANGE_LOOP_ANALYSIS = YES;
				CLANG_WARN_STRICT_PROTOTYPES = YES;
				CLANG_WARN_SUSPICIOUS_MOVE = YES;
				CLANG_WARN_UNGUARDED_AVAILABILITY = YES_AGGRESSIVE;
				CLANG_WARN_UNREACHABLE_CODE = YES;
				CLANG_WARN__DUPLICATE_METHOD_MATCH = YES;
				COPY_PHASE_STRIP = NO;
				DEBUG_INFORMATION_FORMAT = "dwarf-with-dsym";
				ENABLE_NS_ASSERTIONS = NO;
				ENABLE_STRICT_OBJC_MSGSEND = YES;
				GCC_C_LANGUAGE_STANDARD = gnu11;
				GCC_NO_COMMON_BLOCKS = YES;
				GCC_WARN_64_TO_32_BIT_CONVERSION = YES;
				GCC_WARN_ABOUT_RETURN_TYPE = YES_ERROR;
				GCC_WARN_UNDECLARED_SELECTOR = YES;
				GCC_WARN_UNINITIALIZED_AUTOS = YES_AGGRESSIVE;
				GCC_WARN_UNUSED_FUNCTION = YES;
				GCC_WARN_UNUSED_VARIABLE = YES;
				MACOSX_DEPLOYMENT_TARGET = 10.14;
				MTL_ENABLE_DEBUG_INFO = NO;
				MTL_FAST_MATH = YES;
				SDKROOT = macosx;
			};
			name = Release;
		};
		E370AE3125E24DA9008FAE92 /* Debug */ = {
			isa = XCBuildConfiguration;
			buildSettings = {
				CODE_SIGN_STYLE = Automatic;
				DEVELOPMENT_TEAM = MVU89C43SX;
				ENABLE_HARDENED_RUNTIME = YES;
				PRODUCT_NAME = "$(TARGET_NAME)";
			};
			name = Debug;
		};
		E370AE3225E24DA9008FAE92 /* Release */ = {
			isa = XCBuildConfiguration;
			buildSettings = {
				CODE_SIGN_STYLE = Automatic;
				DEVELOPMENT_TEAM = MVU89C43SX;
				ENABLE_HARDENED_RUNTIME = YES;
				PRODUCT_NAME = "$(TARGET_NAME)";
			};
			name = Release;
		};
/* End XCBuildConfiguration section */

/* Begin XCConfigurationList section */
		E370AE2425E24DA9008FAE92 /* Build configuration list for PBXProject "XCode_11.1" */ = {
			isa = XCConfigurationList;
			buildConfigurations = (
				E370AE2E25E24DA9008FAE92 /* Debug */,
				E370AE2F25E24DA9008FAE92 /* Release */,
			);
			defaultConfigurationIsVisible = 0;
			defaultConfigurationName = Release;
		};
		E370AE3025E24DA9008FAE92 /* Build configuration list for PBXNativeTarget "XCode_11.1" */ = {
			isa = XCConfigurationList;
			buildConfigurations = (
				E370AE3125E24DA9008FAE92 /* Debug */,
				E370AE3225E24DA9008FAE92 /* Release */,
			);
			defaultConfigurationIsVisible = 0;
			defaultConfigurationName = Release;
		};
/* End XCConfigurationList section */
	};
	rootObject = E370AE2125E24DA9008FAE92 /* Project object */;
}
