// !$*UTF8*$!
{
	archiveVersion = 1;
	classes = {
	};
	objectVersion = 50;
	objects = {

/* Begin PBXBuildFile section */
		E32D24EE262C2E990017A41A /* main.c in Sources */ = {isa = PBXBuildFile; fileRef = E32D24ED262C2E990017A41A /* main.c */; };
		E35FD32E268CA5C300481BDB /* GLU_font_Optima.c in Sources */ = {isa = PBXBuildFile; fileRef = E35FD32D268CA5C300481BDB /* GLU_font_Optima.c */; };
		E38C37B92647EC1A0057F552 /* GLU_glucoo.c in Sources */ = {isa = PBXBuildFile; fileRef = E38C37B82647EC1A0057F552 /* GLU_glucoo.c */; };
		E38C37BC2647EC2E0057F552 /* GLU_object.c in Sources */ = {isa = PBXBuildFile; fileRef = E38C37BA2647EC2E0057F552 /* GLU_object.c */; };
		E38C37BF2647EC3B0057F552 /* GLU_menu.c in Sources */ = {isa = PBXBuildFile; fileRef = E38C37BE2647EC3B0057F552 /* GLU_menu.c */; };
		E38C37C32647EC590057F552 /* GLU_window.c in Sources */ = {isa = PBXBuildFile; fileRef = E38C37C12647EC590057F552 /* GLU_window.c */; };
		E38C37C52647EC640057F552 /* GLU_draw.c in Sources */ = {isa = PBXBuildFile; fileRef = E38C37C42647EC640057F552 /* GLU_draw.c */; };
		E3E006CF268A2BB70023C134 /* GLU_font_NewYork_Italic.c in Sources */ = {isa = PBXBuildFile; fileRef = E3E006C7268A2BB60023C134 /* GLU_font_NewYork_Italic.c */; };
		E3E006D0268A2BB70023C134 /* GLU_font.c in Sources */ = {isa = PBXBuildFile; fileRef = E3E006C8268A2BB60023C134 /* GLU_font.c */; };
		E3E006D1268A2BB70023C134 /* GLU_font_ArialRoundedBold.c in Sources */ = {isa = PBXBuildFile; fileRef = E3E006C9268A2BB70023C134 /* GLU_font_ArialRoundedBold.c */; };
		E3E006D2268A2BB70023C134 /* GLU_font_CourierNewItalic.c in Sources */ = {isa = PBXBuildFile; fileRef = E3E006CA268A2BB70023C134 /* GLU_font_CourierNewItalic.c */; };
		E3E006D3268A2BB70023C134 /* GLU_font_NewYork.c in Sources */ = {isa = PBXBuildFile; fileRef = E3E006CB268A2BB70023C134 /* GLU_font_NewYork.c */; };
		E3E006D4268A2BB70023C134 /* GLU_font_CourierNewBold.c in Sources */ = {isa = PBXBuildFile; fileRef = E3E006CC268A2BB70023C134 /* GLU_font_CourierNewBold.c */; };
		E3E006D5268A2BB70023C134 /* GLU_font_CourierNew.c in Sources */ = {isa = PBXBuildFile; fileRef = E3E006CD268A2BB70023C134 /* GLU_font_CourierNew.c */; };
		E3E006EA268A2C5A0023C134 /* BLK_time.c in Sources */ = {isa = PBXBuildFile; fileRef = E3E006D8268A2C590023C134 /* BLK_time.c */; };
		E3E006EB268A2C5A0023C134 /* BLK_dsp.c in Sources */ = {isa = PBXBuildFile; fileRef = E3E006DA268A2C590023C134 /* BLK_dsp.c */; };
		E3E006EC268A2C5A0023C134 /* BLK_data.c in Sources */ = {isa = PBXBuildFile; fileRef = E3E006DB268A2C590023C134 /* BLK_data.c */; };
		E3E006ED268A2C5A0023C134 /* BLK_utility.c in Sources */ = {isa = PBXBuildFile; fileRef = E3E006DC268A2C590023C134 /* BLK_utility.c */; };
		E3E006EE268A2C5A0023C134 /* BLK_math.c in Sources */ = {isa = PBXBuildFile; fileRef = E3E006DD268A2C590023C134 /* BLK_math.c */; };
		E3E006EF268A2C5A0023C134 /* BLK_image.c in Sources */ = {isa = PBXBuildFile; fileRef = E3E006E2268A2C590023C134 /* BLK_image.c */; };
		E3E006F0268A2C5A0023C134 /* BLK_lib.c in Sources */ = {isa = PBXBuildFile; fileRef = E3E006E3268A2C590023C134 /* BLK_lib.c */; };
		E3E006F1268A2C5A0023C134 /* BLK_poker.c in Sources */ = {isa = PBXBuildFile; fileRef = E3E006E5268A2C590023C134 /* BLK_poker.c */; };
		E3E006F2268A2C5A0023C134 /* BLK_graphic.c in Sources */ = {isa = PBXBuildFile; fileRef = E3E006E8268A2C5A0023C134 /* BLK_graphic.c */; };
		E3E006F4268A2F7A0023C134 /* GLU_font_unscii-8.c in Sources */ = {isa = PBXBuildFile; fileRef = E3E006F3268A2F7A0023C134 /* GLU_font_unscii-8.c */; };
/* End PBXBuildFile section */

/* Begin PBXCopyFilesBuildPhase section */
		E32D24E8262C2E990017A41A /* CopyFiles */ = {
			isa = PBXCopyFilesBuildPhase;
			buildActionMask = 2147483647;
			dstPath = /usr/share/man/man1/;
			dstSubfolderSpec = 0;
			files = (
			);
			runOnlyForDeploymentPostprocessing = 1;
		};
/* End PBXCopyFilesBuildPhase section */

/* Begin PBXFileReference section */
		E32D24EA262C2E990017A41A /* Xcode_11 */ = {isa = PBXFileReference; explicitFileType = "compiled.mach-o.executable"; includeInIndex = 0; path = Xcode_11; sourceTree = BUILT_PRODUCTS_DIR; };
		E32D24ED262C2E990017A41A /* main.c */ = {isa = PBXFileReference; lastKnownFileType = sourcecode.c.c; path = main.c; sourceTree = "<group>"; };
		E32D24F6262C2F190017A41A /* RH_dummy.c */ = {isa = PBXFileReference; fileEncoding = 4; lastKnownFileType = sourcecode.c.c; name = RH_dummy.c; path = ../self/RH_dummy.c; sourceTree = "<group>"; };
		E32D24FA262C2F190017A41A /* RH_config.h */ = {isa = PBXFileReference; fileEncoding = 4; lastKnownFileType = sourcecode.c.h; name = RH_config.h; path = ../self/RH_config.h; sourceTree = "<group>"; };
		E32D2520262C2FB60017A41A /* stb_truetype.h */ = {isa = PBXFileReference; fileEncoding = 4; lastKnownFileType = sourcecode.c.h; name = stb_truetype.h; path = ../../core/STB/stb_truetype.h; sourceTree = "<group>"; };
		E32D2521262C2FB70017A41A /* stb_image_write.h */ = {isa = PBXFileReference; fileEncoding = 4; lastKnownFileType = sourcecode.c.h; name = stb_image_write.h; path = ../../core/STB/stb_image_write.h; sourceTree = "<group>"; };
		E35FD32C268CA5A800481BDB /* GLU_pixel.h */ = {isa = PBXFileReference; fileEncoding = 4; lastKnownFileType = sourcecode.c.h; name = GLU_pixel.h; path = ../../core/Glucoo/GLU_pixel.h; sourceTree = "<group>"; };
		E35FD32D268CA5C300481BDB /* GLU_font_Optima.c */ = {isa = PBXFileReference; fileEncoding = 4; lastKnownFileType = sourcecode.c.c; name = GLU_font_Optima.c; path = ../../core/Glucoo/font/GLU_font_Optima.c; sourceTree = "<group>"; };
		E38C37B72647EC1A0057F552 /* GLU_glucoo.h */ = {isa = PBXFileReference; fileEncoding = 4; lastKnownFileType = sourcecode.c.h; name = GLU_glucoo.h; path = ../../core/Glucoo/GLU_glucoo.h; sourceTree = "<group>"; };
		E38C37B82647EC1A0057F552 /* GLU_glucoo.c */ = {isa = PBXFileReference; fileEncoding = 4; lastKnownFileType = sourcecode.c.c; name = GLU_glucoo.c; path = ../../core/Glucoo/GLU_glucoo.c; sourceTree = "<group>"; };
		E38C37BA2647EC2E0057F552 /* GLU_object.c */ = {isa = PBXFileReference; fileEncoding = 4; lastKnownFileType = sourcecode.c.c; name = GLU_object.c; path = ../../core/Glucoo/object/GLU_object.c; sourceTree = "<group>"; };
		E38C37BB2647EC2E0057F552 /* GLU_object.h */ = {isa = PBXFileReference; fileEncoding = 4; lastKnownFileType = sourcecode.c.h; name = GLU_object.h; path = ../../core/Glucoo/object/GLU_object.h; sourceTree = "<group>"; };
		E38C37BD2647EC3B0057F552 /* GLU_menu.h */ = {isa = PBXFileReference; fileEncoding = 4; lastKnownFileType = sourcecode.c.h; name = GLU_menu.h; path = ../../core/Glucoo/menu/GLU_menu.h; sourceTree = "<group>"; };
		E38C37BE2647EC3B0057F552 /* GLU_menu.c */ = {isa = PBXFileReference; fileEncoding = 4; lastKnownFileType = sourcecode.c.c; name = GLU_menu.c; path = ../../core/Glucoo/menu/GLU_menu.c; sourceTree = "<group>"; };
		E38C37C12647EC590057F552 /* GLU_window.c */ = {isa = PBXFileReference; fileEncoding = 4; lastKnownFileType = sourcecode.c.c; name = GLU_window.c; path = ../../core/Glucoo/window/GLU_window.c; sourceTree = "<group>"; };
		E38C37C22647EC590057F552 /* GLU_window.h */ = {isa = PBXFileReference; fileEncoding = 4; lastKnownFileType = sourcecode.c.h; name = GLU_window.h; path = ../../core/Glucoo/window/GLU_window.h; sourceTree = "<group>"; };
		E38C37C42647EC640057F552 /* GLU_draw.c */ = {isa = PBXFileReference; fileEncoding = 4; lastKnownFileType = sourcecode.c.c; name = GLU_draw.c; path = ../../core/Glucoo/draw/GLU_draw.c; sourceTree = "<group>"; };
		E3E006C7268A2BB60023C134 /* GLU_font_NewYork_Italic.c */ = {isa = PBXFileReference; fileEncoding = 4; lastKnownFileType = sourcecode.c.c; name = GLU_font_NewYork_Italic.c; path = ../../core/Glucoo/font/GLU_font_NewYork_Italic.c; sourceTree = "<group>"; };
		E3E006C8268A2BB60023C134 /* GLU_font.c */ = {isa = PBXFileReference; fileEncoding = 4; lastKnownFileType = sourcecode.c.c; name = GLU_font.c; path = ../../core/Glucoo/font/GLU_font.c; sourceTree = "<group>"; };
		E3E006C9268A2BB70023C134 /* GLU_font_ArialRoundedBold.c */ = {isa = PBXFileReference; fileEncoding = 4; lastKnownFileType = sourcecode.c.c; name = GLU_font_ArialRoundedBold.c; path = ../../core/Glucoo/font/GLU_font_ArialRoundedBold.c; sourceTree = "<group>"; };
		E3E006CA268A2BB70023C134 /* GLU_font_CourierNewItalic.c */ = {isa = PBXFileReference; fileEncoding = 4; lastKnownFileType = sourcecode.c.c; name = GLU_font_CourierNewItalic.c; path = ../../core/Glucoo/font/GLU_font_CourierNewItalic.c; sourceTree = "<group>"; };
		E3E006CB268A2BB70023C134 /* GLU_font_NewYork.c */ = {isa = PBXFileReference; fileEncoding = 4; lastKnownFileType = sourcecode.c.c; name = GLU_font_NewYork.c; path = ../../core/Glucoo/font/GLU_font_NewYork.c; sourceTree = "<group>"; };
		E3E006CC268A2BB70023C134 /* GLU_font_CourierNewBold.c */ = {isa = PBXFileReference; fileEncoding = 4; lastKnownFileType = sourcecode.c.c; name = GLU_font_CourierNewBold.c; path = ../../core/Glucoo/font/GLU_font_CourierNewBold.c; sourceTree = "<group>"; };
		E3E006CD268A2BB70023C134 /* GLU_font_CourierNew.c */ = {isa = PBXFileReference; fileEncoding = 4; lastKnownFileType = sourcecode.c.c; name = GLU_font_CourierNew.c; path = ../../core/Glucoo/font/GLU_font_CourierNew.c; sourceTree = "<group>"; };
		E3E006CE268A2BB70023C134 /* GLU_font.h */ = {isa = PBXFileReference; fileEncoding = 4; lastKnownFileType = sourcecode.c.h; name = GLU_font.h; path = ../../core/Glucoo/font/GLU_font.h; sourceTree = "<group>"; };
		E3E006D6268A2BE10023C134 /* RH_common.h */ = {isa = PBXFileReference; fileEncoding = 4; lastKnownFileType = sourcecode.c.h; name = RH_common.h; path = ../../core/RH_common.h; sourceTree = "<group>"; };
		E3E006D7268A2BE10023C134 /* RH_color.h */ = {isa = PBXFileReference; fileEncoding = 4; lastKnownFileType = sourcecode.c.h; name = RH_color.h; path = ../../core/RH_color.h; sourceTree = "<group>"; };
		E3E006D8268A2C590023C134 /* BLK_time.c */ = {isa = PBXFileReference; fileEncoding = 4; lastKnownFileType = sourcecode.c.c; name = BLK_time.c; path = ../../core/BlackHouse/BLK_time.c; sourceTree = "<group>"; };
		E3E006D9268A2C590023C134 /* BLK_dsp.h */ = {isa = PBXFileReference; fileEncoding = 4; lastKnownFileType = sourcecode.c.h; name = BLK_dsp.h; path = ../../core/BlackHouse/BLK_dsp.h; sourceTree = "<group>"; };
		E3E006DA268A2C590023C134 /* BLK_dsp.c */ = {isa = PBXFileReference; fileEncoding = 4; lastKnownFileType = sourcecode.c.c; name = BLK_dsp.c; path = ../../core/BlackHouse/BLK_dsp.c; sourceTree = "<group>"; };
		E3E006DB268A2C590023C134 /* BLK_data.c */ = {isa = PBXFileReference; fileEncoding = 4; lastKnownFileType = sourcecode.c.c; name = BLK_data.c; path = ../../core/BlackHouse/BLK_data.c; sourceTree = "<group>"; };
		E3E006DC268A2C590023C134 /* BLK_utility.c */ = {isa = PBXFileReference; fileEncoding = 4; lastKnownFileType = sourcecode.c.c; name = BLK_utility.c; path = ../../core/BlackHouse/BLK_utility.c; sourceTree = "<group>"; };
		E3E006DD268A2C590023C134 /* BLK_math.c */ = {isa = PBXFileReference; fileEncoding = 4; lastKnownFileType = sourcecode.c.c; name = BLK_math.c; path = ../../core/BlackHouse/BLK_math.c; sourceTree = "<group>"; };
		E3E006DE268A2C590023C134 /* BLK_image.h */ = {isa = PBXFileReference; fileEncoding = 4; lastKnownFileType = sourcecode.c.h; name = BLK_image.h; path = ../../core/BlackHouse/BLK_image.h; sourceTree = "<group>"; };
		E3E006DF268A2C590023C134 /* BLK_time.h */ = {isa = PBXFileReference; fileEncoding = 4; lastKnownFileType = sourcecode.c.h; name = BLK_time.h; path = ../../core/BlackHouse/BLK_time.h; sourceTree = "<group>"; };
		E3E006E0268A2C590023C134 /* BLK_data.h */ = {isa = PBXFileReference; fileEncoding = 4; lastKnownFileType = sourcecode.c.h; name = BLK_data.h; path = ../../core/BlackHouse/BLK_data.h; sourceTree = "<group>"; };
		E3E006E1268A2C590023C134 /* BLK_graphic.h */ = {isa = PBXFileReference; fileEncoding = 4; lastKnownFileType = sourcecode.c.h; name = BLK_graphic.h; path = ../../core/BlackHouse/BLK_graphic.h; sourceTree = "<group>"; };
		E3E006E2268A2C590023C134 /* BLK_image.c */ = {isa = PBXFileReference; fileEncoding = 4; lastKnownFileType = sourcecode.c.c; name = BLK_image.c; path = ../../core/BlackHouse/BLK_image.c; sourceTree = "<group>"; };
		E3E006E3268A2C590023C134 /* BLK_lib.c */ = {isa = PBXFileReference; fileEncoding = 4; lastKnownFileType = sourcecode.c.c; name = BLK_lib.c; path = ../../core/BlackHouse/BLK_lib.c; sourceTree = "<group>"; };
		E3E006E4268A2C590023C134 /* BLK_math.h */ = {isa = PBXFileReference; fileEncoding = 4; lastKnownFileType = sourcecode.c.h; name = BLK_math.h; path = ../../core/BlackHouse/BLK_math.h; sourceTree = "<group>"; };
		E3E006E5268A2C590023C134 /* BLK_poker.c */ = {isa = PBXFileReference; fileEncoding = 4; lastKnownFileType = sourcecode.c.c; name = BLK_poker.c; path = ../../core/BlackHouse/BLK_poker.c; sourceTree = "<group>"; };
		E3E006E6268A2C5A0023C134 /* BLK_utility.h */ = {isa = PBXFileReference; fileEncoding = 4; lastKnownFileType = sourcecode.c.h; name = BLK_utility.h; path = ../../core/BlackHouse/BLK_utility.h; sourceTree = "<group>"; };
		E3E006E7268A2C5A0023C134 /* BLK_poker.h */ = {isa = PBXFileReference; fileEncoding = 4; lastKnownFileType = sourcecode.c.h; name = BLK_poker.h; path = ../../core/BlackHouse/BLK_poker.h; sourceTree = "<group>"; };
		E3E006E8268A2C5A0023C134 /* BLK_graphic.c */ = {isa = PBXFileReference; fileEncoding = 4; lastKnownFileType = sourcecode.c.c; name = BLK_graphic.c; path = ../../core/BlackHouse/BLK_graphic.c; sourceTree = "<group>"; };
		E3E006E9268A2C5A0023C134 /* BLK_lib.h */ = {isa = PBXFileReference; fileEncoding = 4; lastKnownFileType = sourcecode.c.h; name = BLK_lib.h; path = ../../core/BlackHouse/BLK_lib.h; sourceTree = "<group>"; };
		E3E006F3268A2F7A0023C134 /* GLU_font_unscii-8.c */ = {isa = PBXFileReference; fileEncoding = 4; lastKnownFileType = sourcecode.c.c; name = "GLU_font_unscii-8.c"; path = "../../core/Glucoo/font/GLU_font_unscii-8.c"; sourceTree = "<group>"; };
/* End PBXFileReference section */

/* Begin PBXFrameworksBuildPhase section */
		E32D24E7262C2E990017A41A /* Frameworks */ = {
			isa = PBXFrameworksBuildPhase;
			buildActionMask = 2147483647;
			files = (
			);
			runOnlyForDeploymentPostprocessing = 0;
		};
/* End PBXFrameworksBuildPhase section */

/* Begin PBXGroup section */
		E32D24E1262C2E990017A41A = {
			isa = PBXGroup;
			children = (
				E32D24EC262C2E990017A41A /* Xcode_11 */,
				E32D24F4262C2EC40017A41A /* self */,
				E32D24F5262C2ED10017A41A /* core */,
				E32D24EB262C2E990017A41A /* Products */,
			);
			sourceTree = "<group>";
		};
		E32D24EB262C2E990017A41A /* Products */ = {
			isa = PBXGroup;
			children = (
				E32D24EA262C2E990017A41A /* Xcode_11 */,
			);
			name = Products;
			sourceTree = "<group>";
		};
		E32D24EC262C2E990017A41A /* Xcode_11 */ = {
			isa = PBXGroup;
			children = (
				E32D24ED262C2E990017A41A /* main.c */,
			);
			path = Xcode_11;
			sourceTree = "<group>";
		};
		E32D24F4262C2EC40017A41A /* self */ = {
			isa = PBXGroup;
			children = (
				E32D24FA262C2F190017A41A /* RH_config.h */,
				E32D24F6262C2F190017A41A /* RH_dummy.c */,
			);
			name = self;
			sourceTree = "<group>";
		};
		E32D24F5262C2ED10017A41A /* core */ = {
			isa = PBXGroup;
			children = (
				E3E006D7268A2BE10023C134 /* RH_color.h */,
				E3E006D6268A2BE10023C134 /* RH_common.h */,
				E38C37B22647EBD40057F552 /* Glucoo */,
				E32D2501262C2F450017A41A /* BlackHouse */,
				E32D251F262C2F920017A41A /* STB */,
			);
			name = core;
			sourceTree = "<group>";
		};
		E32D2501262C2F450017A41A /* BlackHouse */ = {
			isa = PBXGroup;
			children = (
				E3E006DB268A2C590023C134 /* BLK_data.c */,
				E3E006E0268A2C590023C134 /* BLK_data.h */,
				E3E006DA268A2C590023C134 /* BLK_dsp.c */,
				E3E006D9268A2C590023C134 /* BLK_dsp.h */,
				E3E006E8268A2C5A0023C134 /* BLK_graphic.c */,
				E3E006E1268A2C590023C134 /* BLK_graphic.h */,
				E3E006E2268A2C590023C134 /* BLK_image.c */,
				E3E006DE268A2C590023C134 /* BLK_image.h */,
				E3E006E3268A2C590023C134 /* BLK_lib.c */,
				E3E006E9268A2C5A0023C134 /* BLK_lib.h */,
				E3E006DD268A2C590023C134 /* BLK_math.c */,
				E3E006E4268A2C590023C134 /* BLK_math.h */,
				E3E006E5268A2C590023C134 /* BLK_poker.c */,
				E3E006E7268A2C5A0023C134 /* BLK_poker.h */,
				E3E006D8268A2C590023C134 /* BLK_time.c */,
				E3E006DF268A2C590023C134 /* BLK_time.h */,
				E3E006DC268A2C590023C134 /* BLK_utility.c */,
				E3E006E6268A2C5A0023C134 /* BLK_utility.h */,
			);
			name = BlackHouse;
			sourceTree = "<group>";
		};
		E32D251F262C2F920017A41A /* STB */ = {
			isa = PBXGroup;
			children = (
				E32D2521262C2FB70017A41A /* stb_image_write.h */,
				E32D2520262C2FB60017A41A /* stb_truetype.h */,
			);
			name = STB;
			sourceTree = "<group>";
		};
		E38C37B22647EBD40057F552 /* Glucoo */ = {
			isa = PBXGroup;
			children = (
				E35FD32C268CA5A800481BDB /* GLU_pixel.h */,
				E38C37B82647EC1A0057F552 /* GLU_glucoo.c */,
				E38C37B72647EC1A0057F552 /* GLU_glucoo.h */,
				E38C37B62647EBF50057F552 /* object */,
				E38C37B52647EBEC0057F552 /* menu */,
				E38C37B42647EBE40057F552 /* window */,
				E38C37B32647EBDD0057F552 /* draw */,
				E38C37C62647EC7D0057F552 /* font */,
			);
			name = Glucoo;
			sourceTree = "<group>";
		};
		E38C37B32647EBDD0057F552 /* draw */ = {
			isa = PBXGroup;
			children = (
				E38C37C42647EC640057F552 /* GLU_draw.c */,
			);
			name = draw;
			sourceTree = "<group>";
		};
		E38C37B42647EBE40057F552 /* window */ = {
			isa = PBXGroup;
			children = (
				E38C37C12647EC590057F552 /* GLU_window.c */,
				E38C37C22647EC590057F552 /* GLU_window.h */,
			);
			name = window;
			sourceTree = "<group>";
		};
		E38C37B52647EBEC0057F552 /* menu */ = {
			isa = PBXGroup;
			children = (
				E38C37BE2647EC3B0057F552 /* GLU_menu.c */,
				E38C37BD2647EC3B0057F552 /* GLU_menu.h */,
			);
			name = menu;
			sourceTree = "<group>";
		};
		E38C37B62647EBF50057F552 /* object */ = {
			isa = PBXGroup;
			children = (
				E38C37BA2647EC2E0057F552 /* GLU_object.c */,
				E38C37BB2647EC2E0057F552 /* GLU_object.h */,
			);
			name = object;
			sourceTree = "<group>";
		};
		E38C37C62647EC7D0057F552 /* font */ = {
			isa = PBXGroup;
			children = (
				E35FD32D268CA5C300481BDB /* GLU_font_Optima.c */,
				E3E006F3268A2F7A0023C134 /* GLU_font_unscii-8.c */,
				E3E006C9268A2BB70023C134 /* GLU_font_ArialRoundedBold.c */,
				E3E006CD268A2BB70023C134 /* GLU_font_CourierNew.c */,
				E3E006CC268A2BB70023C134 /* GLU_font_CourierNewBold.c */,
				E3E006CA268A2BB70023C134 /* GLU_font_CourierNewItalic.c */,
				E3E006C7268A2BB60023C134 /* GLU_font_NewYork_Italic.c */,
				E3E006CB268A2BB70023C134 /* GLU_font_NewYork.c */,
				E3E006C8268A2BB60023C134 /* GLU_font.c */,
				E3E006CE268A2BB70023C134 /* GLU_font.h */,
			);
			name = font;
			sourceTree = "<group>";
		};
/* End PBXGroup section */

/* Begin PBXNativeTarget section */
		E32D24E9262C2E990017A41A /* Xcode_11 */ = {
			isa = PBXNativeTarget;
			buildConfigurationList = E32D24F1262C2E990017A41A /* Build configuration list for PBXNativeTarget "Xcode_11" */;
			buildPhases = (
				E32D24E6262C2E990017A41A /* Sources */,
				E32D24E7262C2E990017A41A /* Frameworks */,
				E32D24E8262C2E990017A41A /* CopyFiles */,
			);
			buildRules = (
			);
			dependencies = (
			);
			name = Xcode_11;
			productName = Xcode_11;
			productReference = E32D24EA262C2E990017A41A /* Xcode_11 */;
			productType = "com.apple.product-type.tool";
		};
/* End PBXNativeTarget section */

/* Begin PBXProject section */
		E32D24E2262C2E990017A41A /* Project object */ = {
			isa = PBXProject;
			attributes = {
				LastUpgradeCheck = 1110;
				ORGANIZATIONNAME = "Randle Helmslay";
				TargetAttributes = {
					E32D24E9262C2E990017A41A = {
						CreatedOnToolsVersion = 11.1;
					};
				};
			};
			buildConfigurationList = E32D24E5262C2E990017A41A /* Build configuration list for PBXProject "Xcode_11" */;
			compatibilityVersion = "Xcode 9.3";
			developmentRegion = en;
			hasScannedForEncodings = 0;
			knownRegions = (
				en,
				Base,
			);
			mainGroup = E32D24E1262C2E990017A41A;
			productRefGroup = E32D24EB262C2E990017A41A /* Products */;
			projectDirPath = "";
			projectRoot = "";
			targets = (
				E32D24E9262C2E990017A41A /* Xcode_11 */,
			);
		};
/* End PBXProject section */

/* Begin PBXSourcesBuildPhase section */
		E32D24E6262C2E990017A41A /* Sources */ = {
			isa = PBXSourcesBuildPhase;
			buildActionMask = 2147483647;
			files = (
				E38C37C32647EC590057F552 /* GLU_window.c in Sources */,
				E35FD32E268CA5C300481BDB /* GLU_font_Optima.c in Sources */,
				E3E006EB268A2C5A0023C134 /* BLK_dsp.c in Sources */,
				E32D24EE262C2E990017A41A /* main.c in Sources */,
				E3E006D1268A2BB70023C134 /* GLU_font_ArialRoundedBold.c in Sources */,
				E38C37B92647EC1A0057F552 /* GLU_glucoo.c in Sources */,
				E3E006CF268A2BB70023C134 /* GLU_font_NewYork_Italic.c in Sources */,
				E3E006D0268A2BB70023C134 /* GLU_font.c in Sources */,
				E38C37BC2647EC2E0057F552 /* GLU_object.c in Sources */,
				E3E006D2268A2BB70023C134 /* GLU_font_CourierNewItalic.c in Sources */,
				E3E006D5268A2BB70023C134 /* GLU_font_CourierNew.c in Sources */,
				E3E006F4268A2F7A0023C134 /* GLU_font_unscii-8.c in Sources */,
				E3E006D4268A2BB70023C134 /* GLU_font_CourierNewBold.c in Sources */,
				E3E006EE268A2C5A0023C134 /* BLK_math.c in Sources */,
				E3E006F2268A2C5A0023C134 /* BLK_graphic.c in Sources */,
				E3E006EA268A2C5A0023C134 /* BLK_time.c in Sources */,
				E3E006D3268A2BB70023C134 /* GLU_font_NewYork.c in Sources */,
				E3E006EC268A2C5A0023C134 /* BLK_data.c in Sources */,
				E3E006ED268A2C5A0023C134 /* BLK_utility.c in Sources */,
				E38C37C52647EC640057F552 /* GLU_draw.c in Sources */,
				E3E006F0268A2C5A0023C134 /* BLK_lib.c in Sources */,
				E38C37BF2647EC3B0057F552 /* GLU_menu.c in Sources */,
				E3E006F1268A2C5A0023C134 /* BLK_poker.c in Sources */,
				E3E006EF268A2C5A0023C134 /* BLK_image.c in Sources */,
			);
			runOnlyForDeploymentPostprocessing = 0;
		};
/* End PBXSourcesBuildPhase section */

/* Begin XCBuildConfiguration section */
		E32D24EF262C2E990017A41A /* Debug */ = {
			isa = XCBuildConfiguration;
			buildSettings = {
				ALWAYS_SEARCH_USER_PATHS = NO;
				CLANG_ANALYZER_NONNULL = YES;
				CLANG_ANALYZER_NUMBER_OBJECT_CONVERSION = YES_AGGRESSIVE;
				CLANG_CXX_LANGUAGE_STANDARD = "gnu++14";
				CLANG_CXX_LIBRARY = "libc++";
				CLANG_ENABLE_MODULES = YES;
				CLANG_ENABLE_OBJC_ARC = YES;
				CLANG_ENABLE_OBJC_WEAK = YES;
				CLANG_WARN_BLOCK_CAPTURE_AUTORELEASING = YES;
				CLANG_WARN_BOOL_CONVERSION = YES;
				CLANG_WARN_COMMA = YES;
				CLANG_WARN_CONSTANT_CONVERSION = YES;
				CLANG_WARN_DEPRECATED_OBJC_IMPLEMENTATIONS = YES;
				CLANG_WARN_DIRECT_OBJC_ISA_USAGE = YES_ERROR;
				CLANG_WARN_DOCUMENTATION_COMMENTS = YES;
				CLANG_WARN_EMPTY_BODY = YES;
				CLANG_WARN_ENUM_CONVERSION = YES;
				CLANG_WARN_INFINITE_RECURSION = YES;
				CLANG_WARN_INT_CONVERSION = YES;
				CLANG_WARN_NON_LITERAL_NULL_CONVERSION = YES;
				CLANG_WARN_OBJC_IMPLICIT_RETAIN_SELF = YES;
				CLANG_WARN_OBJC_LITERAL_CONVERSION = YES;
				CLANG_WARN_OBJC_ROOT_CLASS = YES_ERROR;
				CLANG_WARN_RANGE_LOOP_ANALYSIS = YES;
				CLANG_WARN_STRICT_PROTOTYPES = YES;
				CLANG_WARN_SUSPICIOUS_MOVE = YES;
				CLANG_WARN_UNGUARDED_AVAILABILITY = YES_AGGRESSIVE;
				CLANG_WARN_UNREACHABLE_CODE = YES;
				CLANG_WARN__DUPLICATE_METHOD_MATCH = YES;
				COPY_PHASE_STRIP = NO;
				DEBUG_INFORMATION_FORMAT = dwarf;
				ENABLE_STRICT_OBJC_MSGSEND = YES;
				ENABLE_TESTABILITY = YES;
				GCC_C_LANGUAGE_STANDARD = gnu11;
				GCC_DYNAMIC_NO_PIC = NO;
				GCC_NO_COMMON_BLOCKS = YES;
				GCC_OPTIMIZATION_LEVEL = 0;
				GCC_PREPROCESSOR_DEFINITIONS = (
					"DEBUG=1",
					"$(inherited)",
				);
				GCC_WARN_64_TO_32_BIT_CONVERSION = YES;
				GCC_WARN_ABOUT_RETURN_TYPE = YES_ERROR;
				GCC_WARN_UNDECLARED_SELECTOR = YES;
				GCC_WARN_UNINITIALIZED_AUTOS = YES_AGGRESSIVE;
				GCC_WARN_UNUSED_FUNCTION = YES;
				GCC_WARN_UNUSED_VARIABLE = YES;
				MACOSX_DEPLOYMENT_TARGET = 10.14;
				MTL_ENABLE_DEBUG_INFO = INCLUDE_SOURCE;
				MTL_FAST_MATH = YES;
				ONLY_ACTIVE_ARCH = YES;
				SDKROOT = macosx;
			};
			name = Debug;
		};
		E32D24F0262C2E990017A41A /* Release */ = {
			isa = XCBuildConfiguration;
			buildSettings = {
				ALWAYS_SEARCH_USER_PATHS = NO;
				CLANG_ANALYZER_NONNULL = YES;
				CLANG_ANALYZER_NUMBER_OBJECT_CONVERSION = YES_AGGRESSIVE;
				CLANG_CXX_LANGUAGE_STANDARD = "gnu++14";
				CLANG_CXX_LIBRARY = "libc++";
				CLANG_ENABLE_MODULES = YES;
				CLANG_ENABLE_OBJC_ARC = YES;
				CLANG_ENABLE_OBJC_WEAK = YES;
				CLANG_WARN_BLOCK_CAPTURE_AUTORELEASING = YES;
				CLANG_WARN_BOOL_CONVERSION = YES;
				CLANG_WARN_COMMA = YES;
				CLANG_WARN_CONSTANT_CONVERSION = YES;
				CLANG_WARN_DEPRECATED_OBJC_IMPLEMENTATIONS = YES;
				CLANG_WARN_DIRECT_OBJC_ISA_USAGE = YES_ERROR;
				CLANG_WARN_DOCUMENTATION_COMMENTS = YES;
				CLANG_WARN_EMPTY_BODY = YES;
				CLANG_WARN_ENUM_CONVERSION = YES;
				CLANG_WARN_INFINITE_RECURSION = YES;
				CLANG_WARN_INT_CONVERSION = YES;
				CLANG_WARN_NON_LITERAL_NULL_CONVERSION = YES;
				CLANG_WARN_OBJC_IMPLICIT_RETAIN_SELF = YES;
				CLANG_WARN_OBJC_LITERAL_CONVERSION = YES;
				CLANG_WARN_OBJC_ROOT_CLASS = YES_ERROR;
				CLANG_WARN_RANGE_LOOP_ANALYSIS = YES;
				CLANG_WARN_STRICT_PROTOTYPES = YES;
				CLANG_WARN_SUSPICIOUS_MOVE = YES;
				CLANG_WARN_UNGUARDED_AVAILABILITY = YES_AGGRESSIVE;
				CLANG_WARN_UNREACHABLE_CODE = YES;
				CLANG_WARN__DUPLICATE_METHOD_MATCH = YES;
				COPY_PHASE_STRIP = NO;
				DEBUG_INFORMATION_FORMAT = "dwarf-with-dsym";
				ENABLE_NS_ASSERTIONS = NO;
				ENABLE_STRICT_OBJC_MSGSEND = YES;
				GCC_C_LANGUAGE_STANDARD = gnu11;
				GCC_NO_COMMON_BLOCKS = YES;
				GCC_WARN_64_TO_32_BIT_CONVERSION = YES;
				GCC_WARN_ABOUT_RETURN_TYPE = YES_ERROR;
				GCC_WARN_UNDECLARED_SELECTOR = YES;
				GCC_WARN_UNINITIALIZED_AUTOS = YES_AGGRESSIVE;
				GCC_WARN_UNUSED_FUNCTION = YES;
				GCC_WARN_UNUSED_VARIABLE = YES;
				MACOSX_DEPLOYMENT_TARGET = 10.14;
				MTL_ENABLE_DEBUG_INFO = NO;
				MTL_FAST_MATH = YES;
				SDKROOT = macosx;
			};
			name = Release;
		};
		E32D24F2262C2E990017A41A /* Debug */ = {
			isa = XCBuildConfiguration;
			buildSettings = {
				CODE_SIGN_STYLE = Automatic;
				DEVELOPMENT_TEAM = MVU89C43SX;
				ENABLE_HARDENED_RUNTIME = YES;
				PRODUCT_NAME = "$(TARGET_NAME)";
			};
			name = Debug;
		};
		E32D24F3262C2E990017A41A /* Release */ = {
			isa = XCBuildConfiguration;
			buildSettings = {
				CODE_SIGN_STYLE = Automatic;
				DEVELOPMENT_TEAM = MVU89C43SX;
				ENABLE_HARDENED_RUNTIME = YES;
				PRODUCT_NAME = "$(TARGET_NAME)";
			};
			name = Release;
		};
/* End XCBuildConfiguration section */

/* Begin XCConfigurationList section */
		E32D24E5262C2E990017A41A /* Build configuration list for PBXProject "Xcode_11" */ = {
			isa = XCConfigurationList;
			buildConfigurations = (
				E32D24EF262C2E990017A41A /* Debug */,
				E32D24F0262C2E990017A41A /* Release */,
			);
			defaultConfigurationIsVisible = 0;
			defaultConfigurationName = Release;
		};
		E32D24F1262C2E990017A41A /* Build configuration list for PBXNativeTarget "Xcode_11" */ = {
			isa = XCConfigurationList;
			buildConfigurations = (
				E32D24F2262C2E990017A41A /* Debug */,
				E32D24F3262C2E990017A41A /* Release */,
			);
			defaultConfigurationIsVisible = 0;
			defaultConfigurationName = Release;
		};
/* End XCConfigurationList section */
	};
	rootObject = E32D24E2262C2E990017A41A /* Project object */;
}
