// !$*UTF8*$!
{
	archiveVersion = 1;
	classes = {
	};
	objectVersion = 50;
	objects = {

/* Begin PBXBuildFile section */
		E35B3B99261D5C990031A366 /* GLU_api.c in Sources */ = {isa = PBXBuildFile; fileRef = E35B3B95261D5C990031A366 /* GLU_api.c */; };
		E35B3B9A261D5C990031A366 /* RH_dummy.c in Sources */ = {isa = PBXBuildFile; fileRef = E35B3B97261D5C990031A366 /* RH_dummy.c */; };
		E35B3BA9261D8F450031A366 /* main.c in Sources */ = {isa = PBXBuildFile; fileRef = E35B3BA8261D8F450031A366 /* main.c */; };
		E38C37942647C7500057F552 /* GLU_glucoo.c in Sources */ = {isa = PBXBuildFile; fileRef = E38C37922647C7500057F552 /* GLU_glucoo.c */; };
		E38C379B2647C7BE0057F552 /* GLU_draw.c in Sources */ = {isa = PBXBuildFile; fileRef = E38C379A2647C7BE0057F552 /* GLU_draw.c */; };
		E38C37A32647CC900057F552 /* GLU_font.c in Sources */ = {isa = PBXBuildFile; fileRef = E38C379E2647CC900057F552 /* GLU_font.c */; };
		E38C37A92647D2DD0057F552 /* GLU_object.c in Sources */ = {isa = PBXBuildFile; fileRef = E38C37A82647D2DD0057F552 /* GLU_object.c */; };
		E38C37AB2647D9BD0057F552 /* GLU_font_ArialRoundedBold.c in Sources */ = {isa = PBXBuildFile; fileRef = E38C37AA2647D9BD0057F552 /* GLU_font_ArialRoundedBold.c */; };
		E38C37AE2647E0C50057F552 /* GLU_window.c in Sources */ = {isa = PBXBuildFile; fileRef = E38C37AD2647E0C50057F552 /* GLU_window.c */; };
		E38C37B12647E55D0057F552 /* GLU_menu.c in Sources */ = {isa = PBXBuildFile; fileRef = E38C37B02647E55D0057F552 /* GLU_menu.c */; };
		E3A277982648E64200D29934 /* GLU_font_CourierNew.c in Sources */ = {isa = PBXBuildFile; fileRef = E3A277962648E64200D29934 /* GLU_font_CourierNew.c */; };
		E3A277992648E64200D29934 /* GLU_font_CourierNewBold.c in Sources */ = {isa = PBXBuildFile; fileRef = E3A277972648E64200D29934 /* GLU_font_CourierNewBold.c */; };
		E3A277AE2648EF6E00D29934 /* BLK_utility.c in Sources */ = {isa = PBXBuildFile; fileRef = E3A2779D2648EF6E00D29934 /* BLK_utility.c */; };
		E3A277AF2648EF6E00D29934 /* BLK_lib.c in Sources */ = {isa = PBXBuildFile; fileRef = E3A2779E2648EF6E00D29934 /* BLK_lib.c */; };
		E3A277B02648EF6E00D29934 /* BLK_image.c in Sources */ = {isa = PBXBuildFile; fileRef = E3A277A22648EF6E00D29934 /* BLK_image.c */; };
		E3A277B12648EF6E00D29934 /* BLK_data.c in Sources */ = {isa = PBXBuildFile; fileRef = E3A277A42648EF6E00D29934 /* BLK_data.c */; };
		E3A277B22648EF6E00D29934 /* BLK_time.c in Sources */ = {isa = PBXBuildFile; fileRef = E3A277A52648EF6E00D29934 /* BLK_time.c */; };
		E3A277B32648EF6E00D29934 /* BLK_math.c in Sources */ = {isa = PBXBuildFile; fileRef = E3A277A62648EF6E00D29934 /* BLK_math.c */; };
		E3A277B42648EF6E00D29934 /* BLK_dsp.c in Sources */ = {isa = PBXBuildFile; fileRef = E3A277A92648EF6E00D29934 /* BLK_dsp.c */; };
		E3A277B52648EF6E00D29934 /* BLK_graphic.c in Sources */ = {isa = PBXBuildFile; fileRef = E3A277AC2648EF6E00D29934 /* BLK_graphic.c */; };
		E3B2063C2654EFE800F94242 /* BLK_poker.c in Sources */ = {isa = PBXBuildFile; fileRef = E3B2063B2654EFE800F94242 /* BLK_poker.c */; };
/* End PBXBuildFile section */

/* Begin PBXCopyFilesBuildPhase section */
		E35B3B2F261D5B850031A366 /* CopyFiles */ = {
			isa = PBXCopyFilesBuildPhase;
			buildActionMask = 2147483647;
			dstPath = /usr/share/man/man1/;
			dstSubfolderSpec = 0;
			files = (
			);
			runOnlyForDeploymentPostprocessing = 1;
		};
/* End PBXCopyFilesBuildPhase section */

/* Begin PBXFileReference section */
		E35B3B31261D5B850031A366 /* Xcode_12 */ = {isa = PBXFileReference; explicitFileType = "compiled.mach-o.executable"; includeInIndex = 0; path = Xcode_12; sourceTree = BUILT_PRODUCTS_DIR; };
		E35B3B56261D5BDA0031A366 /* stb_c_lexer.h */ = {isa = PBXFileReference; fileEncoding = 4; lastKnownFileType = sourcecode.c.h; path = stb_c_lexer.h; sourceTree = "<group>"; };
		E35B3B57261D5BDA0031A366 /* temp */ = {isa = PBXFileReference; fileEncoding = 4; lastKnownFileType = text; path = temp; sourceTree = "<group>"; };
		E35B3B58261D5BDA0031A366 /* LICENSE */ = {isa = PBXFileReference; fileEncoding = 4; lastKnownFileType = text; path = LICENSE; sourceTree = "<group>"; };
		E35B3B59261D5BDA0031A366 /* stb_image_write.h */ = {isa = PBXFileReference; fileEncoding = 4; lastKnownFileType = sourcecode.c.h; path = stb_image_write.h; sourceTree = "<group>"; };
		E35B3B5A261D5BDA0031A366 /* stb_image_resize.h */ = {isa = PBXFileReference; fileEncoding = 4; lastKnownFileType = sourcecode.c.h; path = stb_image_resize.h; sourceTree = "<group>"; };
		E35B3B5B261D5BDA0031A366 /* stb_rect_pack.h */ = {isa = PBXFileReference; fileEncoding = 4; lastKnownFileType = sourcecode.c.h; path = stb_rect_pack.h; sourceTree = "<group>"; };
		E35B3B5C261D5BDA0031A366 /* stb_divide.h */ = {isa = PBXFileReference; fileEncoding = 4; lastKnownFileType = sourcecode.c.h; path = stb_divide.h; sourceTree = "<group>"; };
		E35B3B5D261D5BDA0031A366 /* stb_sprintf.h */ = {isa = PBXFileReference; fileEncoding = 4; lastKnownFileType = sourcecode.c.h; path = stb_sprintf.h; sourceTree = "<group>"; };
		E35B3B5E261D5BDA0031A366 /* stb_dxt.h */ = {isa = PBXFileReference; fileEncoding = 4; lastKnownFileType = sourcecode.c.h; path = stb_dxt.h; sourceTree = "<group>"; };
		E35B3B5F261D5BDA0031A366 /* stb.h */ = {isa = PBXFileReference; fileEncoding = 4; lastKnownFileType = sourcecode.c.h; path = stb.h; sourceTree = "<group>"; };
		E35B3B61261D5BDA0031A366 /* stb_perlin.h */ = {isa = PBXFileReference; fileEncoding = 4; lastKnownFileType = sourcecode.c.h; path = stb_perlin.h; sourceTree = "<group>"; };
		E35B3B62261D5BDA0031A366 /* stretchy_buffer.h */ = {isa = PBXFileReference; fileEncoding = 4; lastKnownFileType = sourcecode.c.h; path = stretchy_buffer.h; sourceTree = "<group>"; };
		E35B3B63261D5BDA0031A366 /* stb_connected_components.h */ = {isa = PBXFileReference; fileEncoding = 4; lastKnownFileType = sourcecode.c.h; path = stb_connected_components.h; sourceTree = "<group>"; };
		E35B3B64261D5BDA0031A366 /* stb_image.h */ = {isa = PBXFileReference; fileEncoding = 4; lastKnownFileType = sourcecode.c.h; path = stb_image.h; sourceTree = "<group>"; };
		E35B3B65261D5BDA0031A366 /* README.md */ = {isa = PBXFileReference; fileEncoding = 4; lastKnownFileType = net.daringfireball.markdown; path = README.md; sourceTree = "<group>"; };
		E35B3B66261D5BDA0031A366 /* stb_truetype.h */ = {isa = PBXFileReference; fileEncoding = 4; lastKnownFileType = sourcecode.c.h; path = stb_truetype.h; sourceTree = "<group>"; };
		E35B3B67261D5BDA0031A366 /* stb_leakcheck.h */ = {isa = PBXFileReference; fileEncoding = 4; lastKnownFileType = sourcecode.c.h; path = stb_leakcheck.h; sourceTree = "<group>"; };
		E35B3B68261D5BDA0031A366 /* stb_textedit.h */ = {isa = PBXFileReference; fileEncoding = 4; lastKnownFileType = sourcecode.c.h; path = stb_textedit.h; sourceTree = "<group>"; };
		E35B3B69261D5BDA0031A366 /* stb_easy_font.h */ = {isa = PBXFileReference; fileEncoding = 4; lastKnownFileType = sourcecode.c.h; path = stb_easy_font.h; sourceTree = "<group>"; };
		E35B3B6A261D5BDA0031A366 /* stb_herringbone_wang_tile.h */ = {isa = PBXFileReference; fileEncoding = 4; lastKnownFileType = sourcecode.c.h; path = stb_herringbone_wang_tile.h; sourceTree = "<group>"; };
		E35B3B6B261D5BDA0031A366 /* stb_voxel_render.h */ = {isa = PBXFileReference; fileEncoding = 4; lastKnownFileType = sourcecode.c.h; path = stb_voxel_render.h; sourceTree = "<group>"; };
		E35B3B6C261D5BDA0031A366 /* stb_tilemap_editor.h */ = {isa = PBXFileReference; fileEncoding = 4; lastKnownFileType = sourcecode.c.h; path = stb_tilemap_editor.h; sourceTree = "<group>"; };
		E35B3B6D261D5BDA0031A366 /* stb_include.h */ = {isa = PBXFileReference; fileEncoding = 4; lastKnownFileType = sourcecode.c.h; path = stb_include.h; sourceTree = "<group>"; };
		E35B3B6E261D5BDA0031A366 /* stb_ds.h */ = {isa = PBXFileReference; fileEncoding = 4; lastKnownFileType = sourcecode.c.h; path = stb_ds.h; sourceTree = "<group>"; };
		E35B3B95261D5C990031A366 /* GLU_api.c */ = {isa = PBXFileReference; fileEncoding = 4; lastKnownFileType = sourcecode.c.c; path = GLU_api.c; sourceTree = "<group>"; };
		E35B3B96261D5C990031A366 /* RH_config.h */ = {isa = PBXFileReference; fileEncoding = 4; lastKnownFileType = sourcecode.c.h; path = RH_config.h; sourceTree = "<group>"; wrapsLines = 0; };
		E35B3B97261D5C990031A366 /* RH_dummy.c */ = {isa = PBXFileReference; fileEncoding = 4; lastKnownFileType = sourcecode.c.c; path = RH_dummy.c; sourceTree = "<group>"; };
		E35B3B98261D5C990031A366 /* GLU_api.h */ = {isa = PBXFileReference; fileEncoding = 4; lastKnownFileType = sourcecode.c.h; path = GLU_api.h; sourceTree = "<group>"; };
		E35B3BA8261D8F450031A366 /* main.c */ = {isa = PBXFileReference; fileEncoding = 4; lastKnownFileType = sourcecode.c.c; name = main.c; path = ../self/main.c; sourceTree = "<group>"; wrapsLines = 0; };
		E38C37922647C7500057F552 /* GLU_glucoo.c */ = {isa = PBXFileReference; fileEncoding = 4; lastKnownFileType = sourcecode.c.c; name = GLU_glucoo.c; path = Glucoo/GLU_glucoo.c; sourceTree = "<group>"; };
		E38C37932647C7500057F552 /* GLU_glucoo.h */ = {isa = PBXFileReference; fileEncoding = 4; lastKnownFileType = sourcecode.c.h; name = GLU_glucoo.h; path = Glucoo/GLU_glucoo.h; sourceTree = "<group>"; };
		E38C379A2647C7BE0057F552 /* GLU_draw.c */ = {isa = PBXFileReference; fileEncoding = 4; lastKnownFileType = sourcecode.c.c; name = GLU_draw.c; path = Glucoo/draw/GLU_draw.c; sourceTree = "<group>"; };
		E38C379E2647CC900057F552 /* GLU_font.c */ = {isa = PBXFileReference; fileEncoding = 4; lastKnownFileType = sourcecode.c.c; name = GLU_font.c; path = Glucoo/font/GLU_font.c; sourceTree = "<group>"; };
		E38C379F2647CC900057F552 /* GLU_font.h */ = {isa = PBXFileReference; fileEncoding = 4; lastKnownFileType = sourcecode.c.h; name = GLU_font.h; path = Glucoo/font/GLU_font.h; sourceTree = "<group>"; };
		E38C37A72647D2DD0057F552 /* GLU_object.h */ = {isa = PBXFileReference; fileEncoding = 4; lastKnownFileType = sourcecode.c.h; name = GLU_object.h; path = Glucoo/object/GLU_object.h; sourceTree = "<group>"; };
		E38C37A82647D2DD0057F552 /* GLU_object.c */ = {isa = PBXFileReference; fileEncoding = 4; lastKnownFileType = sourcecode.c.c; name = GLU_object.c; path = Glucoo/object/GLU_object.c; sourceTree = "<group>"; };
		E38C37AA2647D9BD0057F552 /* GLU_font_ArialRoundedBold.c */ = {isa = PBXFileReference; fileEncoding = 4; lastKnownFileType = sourcecode.c.c; name = GLU_font_ArialRoundedBold.c; path = Glucoo/font/GLU_font_ArialRoundedBold.c; sourceTree = "<group>"; };
		E38C37AC2647E0C50057F552 /* GLU_window.h */ = {isa = PBXFileReference; fileEncoding = 4; lastKnownFileType = sourcecode.c.h; name = GLU_window.h; path = Glucoo/window/GLU_window.h; sourceTree = "<group>"; };
		E38C37AD2647E0C50057F552 /* GLU_window.c */ = {isa = PBXFileReference; fileEncoding = 4; lastKnownFileType = sourcecode.c.c; name = GLU_window.c; path = Glucoo/window/GLU_window.c; sourceTree = "<group>"; };
		E38C37AF2647E55D0057F552 /* GLU_menu.h */ = {isa = PBXFileReference; fileEncoding = 4; lastKnownFileType = sourcecode.c.h; name = GLU_menu.h; path = Glucoo/menu/GLU_menu.h; sourceTree = "<group>"; };
		E38C37B02647E55D0057F552 /* GLU_menu.c */ = {isa = PBXFileReference; fileEncoding = 4; lastKnownFileType = sourcecode.c.c; name = GLU_menu.c; path = Glucoo/menu/GLU_menu.c; sourceTree = "<group>"; };
		E3A277962648E64200D29934 /* GLU_font_CourierNew.c */ = {isa = PBXFileReference; fileEncoding = 4; lastKnownFileType = sourcecode.c.c; name = GLU_font_CourierNew.c; path = Glucoo/font/GLU_font_CourierNew.c; sourceTree = "<group>"; };
		E3A277972648E64200D29934 /* GLU_font_CourierNewBold.c */ = {isa = PBXFileReference; fileEncoding = 4; lastKnownFileType = sourcecode.c.c; name = GLU_font_CourierNewBold.c; path = Glucoo/font/GLU_font_CourierNewBold.c; sourceTree = "<group>"; };
		E3A2779D2648EF6E00D29934 /* BLK_utility.c */ = {isa = PBXFileReference; fileEncoding = 4; lastKnownFileType = sourcecode.c.c; path = BLK_utility.c; sourceTree = "<group>"; };
		E3A2779E2648EF6E00D29934 /* BLK_lib.c */ = {isa = PBXFileReference; fileEncoding = 4; lastKnownFileType = sourcecode.c.c; path = BLK_lib.c; sourceTree = "<group>"; };
		E3A2779F2648EF6E00D29934 /* BLK_dsp.h */ = {isa = PBXFileReference; fileEncoding = 4; lastKnownFileType = sourcecode.c.h; path = BLK_dsp.h; sourceTree = "<group>"; };
		E3A277A02648EF6E00D29934 /* BLK_image.h */ = {isa = PBXFileReference; fileEncoding = 4; lastKnownFileType = sourcecode.c.h; path = BLK_image.h; sourceTree = "<group>"; };
		E3A277A12648EF6E00D29934 /* BLK_lib.h */ = {isa = PBXFileReference; fileEncoding = 4; lastKnownFileType = sourcecode.c.h; path = BLK_lib.h; sourceTree = "<group>"; };
		E3A277A22648EF6E00D29934 /* BLK_image.c */ = {isa = PBXFileReference; fileEncoding = 4; lastKnownFileType = sourcecode.c.c; path = BLK_image.c; sourceTree = "<group>"; };
		E3A277A32648EF6E00D29934 /* BLK_utility.h */ = {isa = PBXFileReference; fileEncoding = 4; lastKnownFileType = sourcecode.c.h; path = BLK_utility.h; sourceTree = "<group>"; };
		E3A277A42648EF6E00D29934 /* BLK_data.c */ = {isa = PBXFileReference; fileEncoding = 4; lastKnownFileType = sourcecode.c.c; path = BLK_data.c; sourceTree = "<group>"; };
		E3A277A52648EF6E00D29934 /* BLK_time.c */ = {isa = PBXFileReference; fileEncoding = 4; lastKnownFileType = sourcecode.c.c; path = BLK_time.c; sourceTree = "<group>"; };
		E3A277A62648EF6E00D29934 /* BLK_math.c */ = {isa = PBXFileReference; fileEncoding = 4; lastKnownFileType = sourcecode.c.c; path = BLK_math.c; sourceTree = "<group>"; };
		E3A277A72648EF6E00D29934 /* BLK_data.h */ = {isa = PBXFileReference; fileEncoding = 4; lastKnownFileType = sourcecode.c.h; path = BLK_data.h; sourceTree = "<group>"; wrapsLines = 0; };
		E3A277A92648EF6E00D29934 /* BLK_dsp.c */ = {isa = PBXFileReference; fileEncoding = 4; lastKnownFileType = sourcecode.c.c; path = BLK_dsp.c; sourceTree = "<group>"; };
		E3A277AA2648EF6E00D29934 /* BLK_math.h */ = {isa = PBXFileReference; fileEncoding = 4; lastKnownFileType = sourcecode.c.h; path = BLK_math.h; sourceTree = "<group>"; };
		E3A277AB2648EF6E00D29934 /* BLK_time.h */ = {isa = PBXFileReference; fileEncoding = 4; lastKnownFileType = sourcecode.c.h; path = BLK_time.h; sourceTree = "<group>"; };
		E3A277AC2648EF6E00D29934 /* BLK_graphic.c */ = {isa = PBXFileReference; fileEncoding = 4; lastKnownFileType = sourcecode.c.c; path = BLK_graphic.c; sourceTree = "<group>"; };
		E3A277AD2648EF6E00D29934 /* BLK_graphic.h */ = {isa = PBXFileReference; fileEncoding = 4; lastKnownFileType = sourcecode.c.h; path = BLK_graphic.h; sourceTree = "<group>"; };
		E3A277B72648F00600D29934 /* RH_common.h */ = {isa = PBXFileReference; fileEncoding = 4; lastKnownFileType = sourcecode.c.h; path = RH_common.h; sourceTree = "<group>"; };
		E3A277B82648F00600D29934 /* RH_color.h */ = {isa = PBXFileReference; fileEncoding = 4; lastKnownFileType = sourcecode.c.h; path = RH_color.h; sourceTree = "<group>"; };
		E3B206392654B29F00F94242 /* BLK_poker.h */ = {isa = PBXFileReference; fileEncoding = 4; lastKnownFileType = sourcecode.c.h; path = BLK_poker.h; sourceTree = "<group>"; };
		E3B2063B2654EFE800F94242 /* BLK_poker.c */ = {isa = PBXFileReference; fileEncoding = 4; lastKnownFileType = sourcecode.c.c; path = BLK_poker.c; sourceTree = "<group>"; };
/* End PBXFileReference section */

/* Begin PBXFrameworksBuildPhase section */
		E35B3B2E261D5B850031A366 /* Frameworks */ = {
			isa = PBXFrameworksBuildPhase;
			buildActionMask = 2147483647;
			files = (
			);
			runOnlyForDeploymentPostprocessing = 0;
		};
/* End PBXFrameworksBuildPhase section */

/* Begin PBXGroup section */
		E35B3B28261D5B850031A366 = {
			isa = PBXGroup;
			children = (
				E35B3BA7261D8F380031A366 /* Xcode_12 */,
				E35B3B93261D5C990031A366 /* self */,
				E35B3B3D261D5BDA0031A366 /* core */,
				E35B3B32261D5B850031A366 /* Products */,
			);
			sourceTree = "<group>";
		};
		E35B3B32261D5B850031A366 /* Products */ = {
			isa = PBXGroup;
			children = (
				E35B3B31261D5B850031A366 /* Xcode_12 */,
			);
			name = Products;
			sourceTree = "<group>";
		};
		E35B3B3D261D5BDA0031A366 /* core */ = {
			isa = PBXGroup;
			children = (
				E3A277B82648F00600D29934 /* RH_color.h */,
				E3A277B72648F00600D29934 /* RH_common.h */,
				E38C37912647C7410057F552 /* Glucoo */,
				E35B3B3F261D5BDA0031A366 /* BlackHouse */,
				E35B3B55261D5BDA0031A366 /* STB */,
			);
			name = core;
			path = ../../core;
			sourceTree = "<group>";
		};
		E35B3B3F261D5BDA0031A366 /* BlackHouse */ = {
			isa = PBXGroup;
			children = (
				E3B2063B2654EFE800F94242 /* BLK_poker.c */,
				E3B206392654B29F00F94242 /* BLK_poker.h */,
				E3A277A42648EF6E00D29934 /* BLK_data.c */,
				E3A277A72648EF6E00D29934 /* BLK_data.h */,
				E3A277A92648EF6E00D29934 /* BLK_dsp.c */,
				E3A2779F2648EF6E00D29934 /* BLK_dsp.h */,
				E3A277AC2648EF6E00D29934 /* BLK_graphic.c */,
				E3A277AD2648EF6E00D29934 /* BLK_graphic.h */,
				E3A277A22648EF6E00D29934 /* BLK_image.c */,
				E3A277A02648EF6E00D29934 /* BLK_image.h */,
				E3A2779E2648EF6E00D29934 /* BLK_lib.c */,
				E3A277A12648EF6E00D29934 /* BLK_lib.h */,
				E3A277A62648EF6E00D29934 /* BLK_math.c */,
				E3A277AA2648EF6E00D29934 /* BLK_math.h */,
				E3A277A52648EF6E00D29934 /* BLK_time.c */,
				E3A277AB2648EF6E00D29934 /* BLK_time.h */,
				E3A2779D2648EF6E00D29934 /* BLK_utility.c */,
				E3A277A32648EF6E00D29934 /* BLK_utility.h */,
			);
			path = BlackHouse;
			sourceTree = "<group>";
		};
		E35B3B55261D5BDA0031A366 /* STB */ = {
			isa = PBXGroup;
			children = (
				E35B3B56261D5BDA0031A366 /* stb_c_lexer.h */,
				E35B3B57261D5BDA0031A366 /* temp */,
				E35B3B58261D5BDA0031A366 /* LICENSE */,
				E35B3B59261D5BDA0031A366 /* stb_image_write.h */,
				E35B3B5A261D5BDA0031A366 /* stb_image_resize.h */,
				E35B3B5B261D5BDA0031A366 /* stb_rect_pack.h */,
				E35B3B5C261D5BDA0031A366 /* stb_divide.h */,
				E35B3B5D261D5BDA0031A366 /* stb_sprintf.h */,
				E35B3B5E261D5BDA0031A366 /* stb_dxt.h */,
				E35B3B5F261D5BDA0031A366 /* stb.h */,
				E35B3B61261D5BDA0031A366 /* stb_perlin.h */,
				E35B3B62261D5BDA0031A366 /* stretchy_buffer.h */,
				E35B3B63261D5BDA0031A366 /* stb_connected_components.h */,
				E35B3B64261D5BDA0031A366 /* stb_image.h */,
				E35B3B65261D5BDA0031A366 /* README.md */,
				E35B3B66261D5BDA0031A366 /* stb_truetype.h */,
				E35B3B67261D5BDA0031A366 /* stb_leakcheck.h */,
				E35B3B68261D5BDA0031A366 /* stb_textedit.h */,
				E35B3B69261D5BDA0031A366 /* stb_easy_font.h */,
				E35B3B6A261D5BDA0031A366 /* stb_herringbone_wang_tile.h */,
				E35B3B6B261D5BDA0031A366 /* stb_voxel_render.h */,
				E35B3B6C261D5BDA0031A366 /* stb_tilemap_editor.h */,
				E35B3B6D261D5BDA0031A366 /* stb_include.h */,
				E35B3B6E261D5BDA0031A366 /* stb_ds.h */,
			);
			path = STB;
			sourceTree = "<group>";
		};
		E35B3B93261D5C990031A366 /* self */ = {
			isa = PBXGroup;
			children = (
				E35B3B95261D5C990031A366 /* GLU_api.c */,
				E35B3B98261D5C990031A366 /* GLU_api.h */,
				E35B3B96261D5C990031A366 /* RH_config.h */,
				E35B3B97261D5C990031A366 /* RH_dummy.c */,
			);
			name = self;
			path = ../self;
			sourceTree = "<group>";
		};
		E35B3BA7261D8F380031A366 /* Xcode_12 */ = {
			isa = PBXGroup;
			children = (
				E35B3BA8261D8F450031A366 /* main.c */,
			);
			name = Xcode_12;
			sourceTree = "<group>";
		};
		E38C37912647C7410057F552 /* Glucoo */ = {
			isa = PBXGroup;
			children = (
				E38C379D2647CC4D0057F552 /* font */,
				E38C37992647C7860057F552 /* menu */,
				E38C37982647C77F0057F552 /* object */,
				E38C37972647C7720057F552 /* window */,
				E38C37962647C7680057F552 /* draw */,
				E38C37922647C7500057F552 /* GLU_glucoo.c */,
				E38C37932647C7500057F552 /* GLU_glucoo.h */,
			);
			name = Glucoo;
			sourceTree = "<group>";
		};
		E38C37962647C7680057F552 /* draw */ = {
			isa = PBXGroup;
			children = (
				E38C379A2647C7BE0057F552 /* GLU_draw.c */,
			);
			name = draw;
			sourceTree = "<group>";
		};
		E38C37972647C7720057F552 /* window */ = {
			isa = PBXGroup;
			children = (
				E38C37AD2647E0C50057F552 /* GLU_window.c */,
				E38C37AC2647E0C50057F552 /* GLU_window.h */,
			);
			name = window;
			sourceTree = "<group>";
		};
		E38C37982647C77F0057F552 /* object */ = {
			isa = PBXGroup;
			children = (
				E38C37A82647D2DD0057F552 /* GLU_object.c */,
				E38C37A72647D2DD0057F552 /* GLU_object.h */,
			);
			name = object;
			sourceTree = "<group>";
		};
		E38C37992647C7860057F552 /* menu */ = {
			isa = PBXGroup;
			children = (
				E38C37B02647E55D0057F552 /* GLU_menu.c */,
				E38C37AF2647E55D0057F552 /* GLU_menu.h */,
			);
			name = menu;
			sourceTree = "<group>";
		};
		E38C379D2647CC4D0057F552 /* font */ = {
			isa = PBXGroup;
			children = (
				E3A277962648E64200D29934 /* GLU_font_CourierNew.c */,
				E3A277972648E64200D29934 /* GLU_font_CourierNewBold.c */,
				E38C37AA2647D9BD0057F552 /* GLU_font_ArialRoundedBold.c */,
				E38C379E2647CC900057F552 /* GLU_font.c */,
				E38C379F2647CC900057F552 /* GLU_font.h */,
			);
			name = font;
			sourceTree = "<group>";
		};
/* End PBXGroup section */

/* Begin PBXNativeTarget section */
		E35B3B30261D5B850031A366 /* Xcode_12 */ = {
			isa = PBXNativeTarget;
			buildConfigurationList = E35B3B38261D5B850031A366 /* Build configuration list for PBXNativeTarget "Xcode_12" */;
			buildPhases = (
				E35B3B2D261D5B850031A366 /* Sources */,
				E35B3B2E261D5B850031A366 /* Frameworks */,
				E35B3B2F261D5B850031A366 /* CopyFiles */,
			);
			buildRules = (
			);
			dependencies = (
			);
			name = Xcode_12;
			productName = Xcode_12;
			productReference = E35B3B31261D5B850031A366 /* Xcode_12 */;
			productType = "com.apple.product-type.tool";
		};
/* End PBXNativeTarget section */

/* Begin PBXProject section */
		E35B3B29261D5B850031A366 /* Project object */ = {
			isa = PBXProject;
			attributes = {
				LastUpgradeCheck = 1240;
				TargetAttributes = {
					E35B3B30261D5B850031A366 = {
						CreatedOnToolsVersion = 12.4;
					};
				};
			};
			buildConfigurationList = E35B3B2C261D5B850031A366 /* Build configuration list for PBXProject "Xcode_12" */;
			compatibilityVersion = "Xcode 9.3";
			developmentRegion = en;
			hasScannedForEncodings = 0;
			knownRegions = (
				en,
				Base,
			);
			mainGroup = E35B3B28261D5B850031A366;
			productRefGroup = E35B3B32261D5B850031A366 /* Products */;
			projectDirPath = "";
			projectRoot = "";
			targets = (
				E35B3B30261D5B850031A366 /* Xcode_12 */,
			);
		};
/* End PBXProject section */

/* Begin PBXSourcesBuildPhase section */
		E35B3B2D261D5B850031A366 /* Sources */ = {
			isa = PBXSourcesBuildPhase;
			buildActionMask = 2147483647;
			files = (
				E3A277B42648EF6E00D29934 /* BLK_dsp.c in Sources */,
				E35B3B9A261D5C990031A366 /* RH_dummy.c in Sources */,
				E38C37A32647CC900057F552 /* GLU_font.c in Sources */,
				E38C37A92647D2DD0057F552 /* GLU_object.c in Sources */,
				E3A277AF2648EF6E00D29934 /* BLK_lib.c in Sources */,
				E3A277B02648EF6E00D29934 /* BLK_image.c in Sources */,
				E3A277AE2648EF6E00D29934 /* BLK_utility.c in Sources */,
				E38C37AB2647D9BD0057F552 /* GLU_font_ArialRoundedBold.c in Sources */,
				E3A277B22648EF6E00D29934 /* BLK_time.c in Sources */,
				E38C37AE2647E0C50057F552 /* GLU_window.c in Sources */,
				E3A277992648E64200D29934 /* GLU_font_CourierNewBold.c in Sources */,
				E3A277982648E64200D29934 /* GLU_font_CourierNew.c in Sources */,
				E3A277B32648EF6E00D29934 /* BLK_math.c in Sources */,
				E38C37B12647E55D0057F552 /* GLU_menu.c in Sources */,
				E35B3B99261D5C990031A366 /* GLU_api.c in Sources */,
				E38C37942647C7500057F552 /* GLU_glucoo.c in Sources */,
				E3A277B52648EF6E00D29934 /* BLK_graphic.c in Sources */,
				E3A277B12648EF6E00D29934 /* BLK_data.c in Sources */,
				E38C379B2647C7BE0057F552 /* GLU_draw.c in Sources */,
				E3B2063C2654EFE800F94242 /* BLK_poker.c in Sources */,
				E35B3BA9261D8F450031A366 /* main.c in Sources */,
			);
			runOnlyForDeploymentPostprocessing = 0;
		};
/* End PBXSourcesBuildPhase section */

/* Begin XCBuildConfiguration section */
		E35B3B36261D5B850031A366 /* Debug */ = {
			isa = XCBuildConfiguration;
			buildSettings = {
				ALWAYS_SEARCH_USER_PATHS = NO;
				CLANG_ANALYZER_NONNULL = YES;
				CLANG_ANALYZER_NUMBER_OBJECT_CONVERSION = YES_AGGRESSIVE;
				CLANG_CXX_LANGUAGE_STANDARD = "gnu++14";
				CLANG_CXX_LIBRARY = "libc++";
				CLANG_ENABLE_MODULES = YES;
				CLANG_ENABLE_OBJC_ARC = YES;
				CLANG_ENABLE_OBJC_WEAK = YES;
				CLANG_WARN_BLOCK_CAPTURE_AUTORELEASING = YES;
				CLANG_WARN_BOOL_CONVERSION = YES;
				CLANG_WARN_COMMA = YES;
				CLANG_WARN_CONSTANT_CONVERSION = YES;
				CLANG_WARN_DEPRECATED_OBJC_IMPLEMENTATIONS = YES;
				CLANG_WARN_DIRECT_OBJC_ISA_USAGE = YES_ERROR;
				CLANG_WARN_DOCUMENTATION_COMMENTS = YES;
				CLANG_WARN_EMPTY_BODY = YES;
				CLANG_WARN_ENUM_CONVERSION = YES;
				CLANG_WARN_INFINITE_RECURSION = YES;
				CLANG_WARN_INT_CONVERSION = YES;
				CLANG_WARN_NON_LITERAL_NULL_CONVERSION = YES;
				CLANG_WARN_OBJC_IMPLICIT_RETAIN_SELF = YES;
				CLANG_WARN_OBJC_LITERAL_CONVERSION = YES;
				CLANG_WARN_OBJC_ROOT_CLASS = YES_ERROR;
				CLANG_WARN_QUOTED_INCLUDE_IN_FRAMEWORK_HEADER = YES;
				CLANG_WARN_RANGE_LOOP_ANALYSIS = YES;
				CLANG_WARN_STRICT_PROTOTYPES = YES;
				CLANG_WARN_SUSPICIOUS_MOVE = YES;
				CLANG_WARN_UNGUARDED_AVAILABILITY = YES_AGGRESSIVE;
				CLANG_WARN_UNREACHABLE_CODE = YES;
				CLANG_WARN__DUPLICATE_METHOD_MATCH = YES;
				COPY_PHASE_STRIP = NO;
				DEBUG_INFORMATION_FORMAT = dwarf;
				ENABLE_STRICT_OBJC_MSGSEND = YES;
				ENABLE_TESTABILITY = YES;
				GCC_C_LANGUAGE_STANDARD = gnu11;
				GCC_DYNAMIC_NO_PIC = NO;
				GCC_NO_COMMON_BLOCKS = YES;
				GCC_OPTIMIZATION_LEVEL = 0;
				GCC_PREPROCESSOR_DEFINITIONS = (
					"DEBUG=1",
					"$(inherited)",
				);
				GCC_WARN_64_TO_32_BIT_CONVERSION = YES;
				GCC_WARN_ABOUT_RETURN_TYPE = YES_ERROR;
				GCC_WARN_UNDECLARED_SELECTOR = YES;
				GCC_WARN_UNINITIALIZED_AUTOS = YES_AGGRESSIVE;
				GCC_WARN_UNUSED_FUNCTION = YES;
				GCC_WARN_UNUSED_VARIABLE = YES;
				MACOSX_DEPLOYMENT_TARGET = 10.15;
				MTL_ENABLE_DEBUG_INFO = INCLUDE_SOURCE;
				MTL_FAST_MATH = YES;
				ONLY_ACTIVE_ARCH = YES;
				SDKROOT = macosx;
			};
			name = Debug;
		};
		E35B3B37261D5B850031A366 /* Release */ = {
			isa = XCBuildConfiguration;
			buildSettings = {
				ALWAYS_SEARCH_USER_PATHS = NO;
				CLANG_ANALYZER_NONNULL = YES;
				CLANG_ANALYZER_NUMBER_OBJECT_CONVERSION = YES_AGGRESSIVE;
				CLANG_CXX_LANGUAGE_STANDARD = "gnu++14";
				CLANG_CXX_LIBRARY = "libc++";
				CLANG_ENABLE_MODULES = YES;
				CLANG_ENABLE_OBJC_ARC = YES;
				CLANG_ENABLE_OBJC_WEAK = YES;
				CLANG_WARN_BLOCK_CAPTURE_AUTORELEASING = YES;
				CLANG_WARN_BOOL_CONVERSION = YES;
				CLANG_WARN_COMMA = YES;
				CLANG_WARN_CONSTANT_CONVERSION = YES;
				CLANG_WARN_DEPRECATED_OBJC_IMPLEMENTATIONS = YES;
				CLANG_WARN_DIRECT_OBJC_ISA_USAGE = YES_ERROR;
				CLANG_WARN_DOCUMENTATION_COMMENTS = YES;
				CLANG_WARN_EMPTY_BODY = YES;
				CLANG_WARN_ENUM_CONVERSION = YES;
				CLANG_WARN_INFINITE_RECURSION = YES;
				CLANG_WARN_INT_CONVERSION = YES;
				CLANG_WARN_NON_LITERAL_NULL_CONVERSION = YES;
				CLANG_WARN_OBJC_IMPLICIT_RETAIN_SELF = YES;
				CLANG_WARN_OBJC_LITERAL_CONVERSION = YES;
				CLANG_WARN_OBJC_ROOT_CLASS = YES_ERROR;
				CLANG_WARN_QUOTED_INCLUDE_IN_FRAMEWORK_HEADER = YES;
				CLANG_WARN_RANGE_LOOP_ANALYSIS = YES;
				CLANG_WARN_STRICT_PROTOTYPES = YES;
				CLANG_WARN_SUSPICIOUS_MOVE = YES;
				CLANG_WARN_UNGUARDED_AVAILABILITY = YES_AGGRESSIVE;
				CLANG_WARN_UNREACHABLE_CODE = YES;
				CLANG_WARN__DUPLICATE_METHOD_MATCH = YES;
				COPY_PHASE_STRIP = NO;
				DEBUG_INFORMATION_FORMAT = "dwarf-with-dsym";
				ENABLE_NS_ASSERTIONS = NO;
				ENABLE_STRICT_OBJC_MSGSEND = YES;
				GCC_C_LANGUAGE_STANDARD = gnu11;
				GCC_NO_COMMON_BLOCKS = YES;
				GCC_WARN_64_TO_32_BIT_CONVERSION = YES;
				GCC_WARN_ABOUT_RETURN_TYPE = YES_ERROR;
				GCC_WARN_UNDECLARED_SELECTOR = YES;
				GCC_WARN_UNINITIALIZED_AUTOS = YES_AGGRESSIVE;
				GCC_WARN_UNUSED_FUNCTION = YES;
				GCC_WARN_UNUSED_VARIABLE = YES;
				MACOSX_DEPLOYMENT_TARGET = 10.15;
				MTL_ENABLE_DEBUG_INFO = NO;
				MTL_FAST_MATH = YES;
				SDKROOT = macosx;
			};
			name = Release;
		};
		E35B3B39261D5B850031A366 /* Debug */ = {
			isa = XCBuildConfiguration;
			buildSettings = {
				CODE_SIGN_STYLE = Automatic;
				PRODUCT_NAME = "$(TARGET_NAME)";
			};
			name = Debug;
		};
		E35B3B3A261D5B850031A366 /* Release */ = {
			isa = XCBuildConfiguration;
			buildSettings = {
				CODE_SIGN_STYLE = Automatic;
				PRODUCT_NAME = "$(TARGET_NAME)";
			};
			name = Release;
		};
/* End XCBuildConfiguration section */

/* Begin XCConfigurationList section */
		E35B3B2C261D5B850031A366 /* Build configuration list for PBXProject "Xcode_12" */ = {
			isa = XCConfigurationList;
			buildConfigurations = (
				E35B3B36261D5B850031A366 /* Debug */,
				E35B3B37261D5B850031A366 /* Release */,
			);
			defaultConfigurationIsVisible = 0;
			defaultConfigurationName = Release;
		};
		E35B3B38261D5B850031A366 /* Build configuration list for PBXNativeTarget "Xcode_12" */ = {
			isa = XCConfigurationList;
			buildConfigurations = (
				E35B3B39261D5B850031A366 /* Debug */,
				E35B3B3A261D5B850031A366 /* Release */,
			);
			defaultConfigurationIsVisible = 0;
			defaultConfigurationName = Release;
		};
/* End XCConfigurationList section */
	};
	rootObject = E35B3B29261D5B850031A366 /* Project object */;
}
