// !$*UTF8*$!
{
	archiveVersion = 1;
	classes = {
	};
	objectVersion = 50;
	objects = {

/* Begin PBXBuildFile section */
		E3A5ACEA25F3616900C585A2 /* main.c in Sources */ = {isa = PBXBuildFile; fileRef = E3A5ACE925F3616900C585A2 /* main.c */; };
		E3A5ACF525F3618A00C585A2 /* RH_gui.c in Sources */ = {isa = PBXBuildFile; fileRef = E3A5ACF225F3618A00C585A2 /* RH_gui.c */; };
		E3A5AD0825F361A700C585A2 /* RH_image.c in Sources */ = {isa = PBXBuildFile; fileRef = E3A5ACF825F361A600C585A2 /* RH_image.c */; };
		E3A5AD0925F361A700C585A2 /* RH_utility.c in Sources */ = {isa = PBXBuildFile; fileRef = E3A5ACFB25F361A600C585A2 /* RH_utility.c */; };
		E3A5AD0A25F361A700C585A2 /* RH_graphic.c in Sources */ = {isa = PBXBuildFile; fileRef = E3A5ACFC25F361A600C585A2 /* RH_graphic.c */; };
		E3A5AD0B25F361A700C585A2 /* RH_data.c in Sources */ = {isa = PBXBuildFile; fileRef = E3A5ACFD25F361A600C585A2 /* RH_data.c */; };
		E3A5AD0C25F361A700C585A2 /* RH_lib.c in Sources */ = {isa = PBXBuildFile; fileRef = E3A5AD0025F361A600C585A2 /* RH_lib.c */; };
		E3A5AD0D25F361A700C585A2 /* RH_math.c in Sources */ = {isa = PBXBuildFile; fileRef = E3A5AD0125F361A600C585A2 /* RH_math.c */; };
		E3A5AD0E25F361A700C585A2 /* RH_dsp.c in Sources */ = {isa = PBXBuildFile; fileRef = E3A5AD0325F361A600C585A2 /* RH_dsp.c */; };
		E3A5AD1125F36E2A00C585A2 /* RH_gui_api.c in Sources */ = {isa = PBXBuildFile; fileRef = E3A5AD0F25F36E2A00C585A2 /* RH_gui_api.c */; };
/* End PBXBuildFile section */

/* Begin PBXCopyFilesBuildPhase section */
		E3A5ACE425F3616900C585A2 /* CopyFiles */ = {
			isa = PBXCopyFilesBuildPhase;
			buildActionMask = 2147483647;
			dstPath = /usr/share/man/man1/;
			dstSubfolderSpec = 0;
			files = (
			);
			runOnlyForDeploymentPostprocessing = 1;
		};
/* End PBXCopyFilesBuildPhase section */

/* Begin PBXFileReference section */
		E3A5ACE625F3616900C585A2 /* Xcode_11 */ = {isa = PBXFileReference; explicitFileType = "compiled.mach-o.executable"; includeInIndex = 0; path = Xcode_11; sourceTree = BUILT_PRODUCTS_DIR; };
		E3A5ACE925F3616900C585A2 /* main.c */ = {isa = PBXFileReference; lastKnownFileType = sourcecode.c.c; path = main.c; sourceTree = "<group>"; };
		E3A5ACF225F3618A00C585A2 /* RH_gui.c */ = {isa = PBXFileReference; fileEncoding = 4; lastKnownFileType = sourcecode.c.c; name = RH_gui.c; path = ../Glucoo/RH_gui.c; sourceTree = "<group>"; };
		E3A5ACF325F3618A00C585A2 /* RH_gui.h */ = {isa = PBXFileReference; fileEncoding = 4; lastKnownFileType = sourcecode.c.h; name = RH_gui.h; path = ../Glucoo/RH_gui.h; sourceTree = "<group>"; };
		E3A5ACF425F3618A00C585A2 /* RH_gui_config.h */ = {isa = PBXFileReference; fileEncoding = 4; lastKnownFileType = sourcecode.c.h; name = RH_gui_config.h; path = ../Glucoo/RH_gui_config.h; sourceTree = "<group>"; };
		E3A5ACF725F361A600C585A2 /* RH_color.h */ = {isa = PBXFileReference; fileEncoding = 4; lastKnownFileType = sourcecode.c.h; name = RH_color.h; path = ../BlackHouse/RH_color.h; sourceTree = "<group>"; };
		E3A5ACF825F361A600C585A2 /* RH_image.c */ = {isa = PBXFileReference; fileEncoding = 4; lastKnownFileType = sourcecode.c.c; name = RH_image.c; path = ../BlackHouse/RH_image.c; sourceTree = "<group>"; };
		E3A5ACF925F361A600C585A2 /* RH_graphic.h */ = {isa = PBXFileReference; fileEncoding = 4; lastKnownFileType = sourcecode.c.h; name = RH_graphic.h; path = ../BlackHouse/RH_graphic.h; sourceTree = "<group>"; };
		E3A5ACFA25F361A600C585A2 /* RH_lib.h */ = {isa = PBXFileReference; fileEncoding = 4; lastKnownFileType = sourcecode.c.h; name = RH_lib.h; path = ../BlackHouse/RH_lib.h; sourceTree = "<group>"; };
		E3A5ACFB25F361A600C585A2 /* RH_utility.c */ = {isa = PBXFileReference; fileEncoding = 4; lastKnownFileType = sourcecode.c.c; name = RH_utility.c; path = ../BlackHouse/RH_utility.c; sourceTree = "<group>"; };
		E3A5ACFC25F361A600C585A2 /* RH_graphic.c */ = {isa = PBXFileReference; fileEncoding = 4; lastKnownFileType = sourcecode.c.c; name = RH_graphic.c; path = ../BlackHouse/RH_graphic.c; sourceTree = "<group>"; };
		E3A5ACFD25F361A600C585A2 /* RH_data.c */ = {isa = PBXFileReference; fileEncoding = 4; lastKnownFileType = sourcecode.c.c; name = RH_data.c; path = ../BlackHouse/RH_data.c; sourceTree = "<group>"; };
		E3A5ACFE25F361A600C585A2 /* RH_common.h */ = {isa = PBXFileReference; fileEncoding = 4; lastKnownFileType = sourcecode.c.h; name = RH_common.h; path = ../BlackHouse/RH_common.h; sourceTree = "<group>"; };
		E3A5ACFF25F361A600C585A2 /* RH_config.h */ = {isa = PBXFileReference; fileEncoding = 4; lastKnownFileType = sourcecode.c.h; name = RH_config.h; path = ../BlackHouse/RH_config.h; sourceTree = "<group>"; };
		E3A5AD0025F361A600C585A2 /* RH_lib.c */ = {isa = PBXFileReference; fileEncoding = 4; lastKnownFileType = sourcecode.c.c; name = RH_lib.c; path = ../BlackHouse/RH_lib.c; sourceTree = "<group>"; };
		E3A5AD0125F361A600C585A2 /* RH_math.c */ = {isa = PBXFileReference; fileEncoding = 4; lastKnownFileType = sourcecode.c.c; name = RH_math.c; path = ../BlackHouse/RH_math.c; sourceTree = "<group>"; };
		E3A5AD0225F361A600C585A2 /* RH_math.h */ = {isa = PBXFileReference; fileEncoding = 4; lastKnownFileType = sourcecode.c.h; name = RH_math.h; path = ../BlackHouse/RH_math.h; sourceTree = "<group>"; };
		E3A5AD0325F361A600C585A2 /* RH_dsp.c */ = {isa = PBXFileReference; fileEncoding = 4; lastKnownFileType = sourcecode.c.c; name = RH_dsp.c; path = ../BlackHouse/RH_dsp.c; sourceTree = "<group>"; };
		E3A5AD0425F361A600C585A2 /* RH_dsp.h */ = {isa = PBXFileReference; fileEncoding = 4; lastKnownFileType = sourcecode.c.h; name = RH_dsp.h; path = ../BlackHouse/RH_dsp.h; sourceTree = "<group>"; };
		E3A5AD0525F361A600C585A2 /* RH_data.h */ = {isa = PBXFileReference; fileEncoding = 4; lastKnownFileType = sourcecode.c.h; name = RH_data.h; path = ../BlackHouse/RH_data.h; sourceTree = "<group>"; };
		E3A5AD0625F361A600C585A2 /* RH_utility.h */ = {isa = PBXFileReference; fileEncoding = 4; lastKnownFileType = sourcecode.c.h; name = RH_utility.h; path = ../BlackHouse/RH_utility.h; sourceTree = "<group>"; };
		E3A5AD0725F361A700C585A2 /* RH_image.h */ = {isa = PBXFileReference; fileEncoding = 4; lastKnownFileType = sourcecode.c.h; name = RH_image.h; path = ../BlackHouse/RH_image.h; sourceTree = "<group>"; };
		E3A5AD0F25F36E2A00C585A2 /* RH_gui_api.c */ = {isa = PBXFileReference; fileEncoding = 4; lastKnownFileType = sourcecode.c.c; name = RH_gui_api.c; path = ../Glucoo/RH_gui_api.c; sourceTree = "<group>"; };
		E3A5AD1025F36E2A00C585A2 /* RH_gui_api.h */ = {isa = PBXFileReference; fileEncoding = 4; lastKnownFileType = sourcecode.c.h; name = RH_gui_api.h; path = ../Glucoo/RH_gui_api.h; sourceTree = "<group>"; };
/* End PBXFileReference section */

/* Begin PBXFrameworksBuildPhase section */
		E3A5ACE325F3616900C585A2 /* Frameworks */ = {
			isa = PBXFrameworksBuildPhase;
			buildActionMask = 2147483647;
			files = (
			);
			runOnlyForDeploymentPostprocessing = 0;
		};
/* End PBXFrameworksBuildPhase section */

/* Begin PBXGroup section */
		E3A5ACDD25F3616900C585A2 = {
			isa = PBXGroup;
			children = (
				E3A5ACF125F3617C00C585A2 /* Glucoo */,
				E3A5ACF025F3617100C585A2 /* BlackHouse */,
				E3A5ACE825F3616900C585A2 /* Xcode_11 */,
				E3A5ACE725F3616900C585A2 /* Products */,
			);
			sourceTree = "<group>";
		};
		E3A5ACE725F3616900C585A2 /* Products */ = {
			isa = PBXGroup;
			children = (
				E3A5ACE625F3616900C585A2 /* Xcode_11 */,
			);
			name = Products;
			sourceTree = "<group>";
		};
		E3A5ACE825F3616900C585A2 /* Xcode_11 */ = {
			isa = PBXGroup;
			children = (
				E3A5ACE925F3616900C585A2 /* main.c */,
			);
			path = Xcode_11;
			sourceTree = "<group>";
		};
		E3A5ACF025F3617100C585A2 /* BlackHouse */ = {
			isa = PBXGroup;
			children = (
				E3A5ACF725F361A600C585A2 /* RH_color.h */,
				E3A5ACFE25F361A600C585A2 /* RH_common.h */,
				E3A5ACFF25F361A600C585A2 /* RH_config.h */,
				E3A5ACFD25F361A600C585A2 /* RH_data.c */,
				E3A5AD0525F361A600C585A2 /* RH_data.h */,
				E3A5AD0325F361A600C585A2 /* RH_dsp.c */,
				E3A5AD0425F361A600C585A2 /* RH_dsp.h */,
				E3A5ACFC25F361A600C585A2 /* RH_graphic.c */,
				E3A5ACF925F361A600C585A2 /* RH_graphic.h */,
				E3A5ACF825F361A600C585A2 /* RH_image.c */,
				E3A5AD0725F361A700C585A2 /* RH_image.h */,
				E3A5AD0025F361A600C585A2 /* RH_lib.c */,
				E3A5ACFA25F361A600C585A2 /* RH_lib.h */,
				E3A5AD0125F361A600C585A2 /* RH_math.c */,
				E3A5AD0225F361A600C585A2 /* RH_math.h */,
				E3A5ACFB25F361A600C585A2 /* RH_utility.c */,
				E3A5AD0625F361A600C585A2 /* RH_utility.h */,
			);
			name = BlackHouse;
			sourceTree = "<group>";
		};
		E3A5ACF125F3617C00C585A2 /* Glucoo */ = {
			isa = PBXGroup;
			children = (
				E3A5AD0F25F36E2A00C585A2 /* RH_gui_api.c */,
				E3A5AD1025F36E2A00C585A2 /* RH_gui_api.h */,
				E3A5ACF425F3618A00C585A2 /* RH_gui_config.h */,
				E3A5ACF225F3618A00C585A2 /* RH_gui.c */,
				E3A5ACF325F3618A00C585A2 /* RH_gui.h */,
			);
			name = Glucoo;
			sourceTree = "<group>";
		};
/* End PBXGroup section */

/* Begin PBXNativeTarget section */
		E3A5ACE525F3616900C585A2 /* Xcode_11 */ = {
			isa = PBXNativeTarget;
			buildConfigurationList = E3A5ACED25F3616900C585A2 /* Build configuration list for PBXNativeTarget "Xcode_11" */;
			buildPhases = (
				E3A5ACE225F3616900C585A2 /* Sources */,
				E3A5ACE325F3616900C585A2 /* Frameworks */,
				E3A5ACE425F3616900C585A2 /* CopyFiles */,
			);
			buildRules = (
			);
			dependencies = (
			);
			name = Xcode_11;
			productName = Xcode_11;
			productReference = E3A5ACE625F3616900C585A2 /* Xcode_11 */;
			productType = "com.apple.product-type.tool";
		};
/* End PBXNativeTarget section */

/* Begin PBXProject section */
		E3A5ACDE25F3616900C585A2 /* Project object */ = {
			isa = PBXProject;
			attributes = {
				LastUpgradeCheck = 1110;
				ORGANIZATIONNAME = "Randle Helmslay";
				TargetAttributes = {
					E3A5ACE525F3616900C585A2 = {
						CreatedOnToolsVersion = 11.1;
					};
				};
			};
			buildConfigurationList = E3A5ACE125F3616900C585A2 /* Build configuration list for PBXProject "Xcode_11" */;
			compatibilityVersion = "Xcode 9.3";
			developmentRegion = en;
			hasScannedForEncodings = 0;
			knownRegions = (
				en,
				Base,
			);
			mainGroup = E3A5ACDD25F3616900C585A2;
			productRefGroup = E3A5ACE725F3616900C585A2 /* Products */;
			projectDirPath = "";
			projectRoot = "";
			targets = (
				E3A5ACE525F3616900C585A2 /* Xcode_11 */,
			);
		};
/* End PBXProject section */

/* Begin PBXSourcesBuildPhase section */
		E3A5ACE225F3616900C585A2 /* Sources */ = {
			isa = PBXSourcesBuildPhase;
			buildActionMask = 2147483647;
			files = (
				E3A5AD1125F36E2A00C585A2 /* RH_gui_api.c in Sources */,
				E3A5ACEA25F3616900C585A2 /* main.c in Sources */,
				E3A5AD0A25F361A700C585A2 /* RH_graphic.c in Sources */,
				E3A5ACF525F3618A00C585A2 /* RH_gui.c in Sources */,
				E3A5AD0C25F361A700C585A2 /* RH_lib.c in Sources */,
				E3A5AD0B25F361A700C585A2 /* RH_data.c in Sources */,
				E3A5AD0D25F361A700C585A2 /* RH_math.c in Sources */,
				E3A5AD0E25F361A700C585A2 /* RH_dsp.c in Sources */,
				E3A5AD0925F361A700C585A2 /* RH_utility.c in Sources */,
				E3A5AD0825F361A700C585A2 /* RH_image.c in Sources */,
			);
			runOnlyForDeploymentPostprocessing = 0;
		};
/* End PBXSourcesBuildPhase section */

/* Begin XCBuildConfiguration section */
		E3A5ACEB25F3616900C585A2 /* Debug */ = {
			isa = XCBuildConfiguration;
			buildSettings = {
				ALWAYS_SEARCH_USER_PATHS = NO;
				CLANG_ANALYZER_NONNULL = YES;
				CLANG_ANALYZER_NUMBER_OBJECT_CONVERSION = YES_AGGRESSIVE;
				CLANG_CXX_LANGUAGE_STANDARD = "gnu++14";
				CLANG_CXX_LIBRARY = "libc++";
				CLANG_ENABLE_MODULES = YES;
				CLANG_ENABLE_OBJC_ARC = YES;
				CLANG_ENABLE_OBJC_WEAK = YES;
				CLANG_WARN_BLOCK_CAPTURE_AUTORELEASING = YES;
				CLANG_WARN_BOOL_CONVERSION = YES;
				CLANG_WARN_COMMA = YES;
				CLANG_WARN_CONSTANT_CONVERSION = YES;
				CLANG_WARN_DEPRECATED_OBJC_IMPLEMENTATIONS = YES;
				CLANG_WARN_DIRECT_OBJC_ISA_USAGE = YES_ERROR;
				CLANG_WARN_DOCUMENTATION_COMMENTS = YES;
				CLANG_WARN_EMPTY_BODY = YES;
				CLANG_WARN_ENUM_CONVERSION = YES;
				CLANG_WARN_INFINITE_RECURSION = YES;
				CLANG_WARN_INT_CONVERSION = YES;
				CLANG_WARN_NON_LITERAL_NULL_CONVERSION = YES;
				CLANG_WARN_OBJC_IMPLICIT_RETAIN_SELF = YES;
				CLANG_WARN_OBJC_LITERAL_CONVERSION = YES;
				CLANG_WARN_OBJC_ROOT_CLASS = YES_ERROR;
				CLANG_WARN_RANGE_LOOP_ANALYSIS = YES;
				CLANG_WARN_STRICT_PROTOTYPES = YES;
				CLANG_WARN_SUSPICIOUS_MOVE = YES;
				CLANG_WARN_UNGUARDED_AVAILABILITY = YES_AGGRESSIVE;
				CLANG_WARN_UNREACHABLE_CODE = YES;
				CLANG_WARN__DUPLICATE_METHOD_MATCH = YES;
				COPY_PHASE_STRIP = NO;
				DEBUG_INFORMATION_FORMAT = dwarf;
				ENABLE_STRICT_OBJC_MSGSEND = YES;
				ENABLE_TESTABILITY = YES;
				GCC_C_LANGUAGE_STANDARD = gnu11;
				GCC_DYNAMIC_NO_PIC = NO;
				GCC_NO_COMMON_BLOCKS = YES;
				GCC_OPTIMIZATION_LEVEL = 0;
				GCC_PREPROCESSOR_DEFINITIONS = (
					"DEBUG=1",
					"$(inherited)",
				);
				GCC_WARN_64_TO_32_BIT_CONVERSION = YES;
				GCC_WARN_ABOUT_RETURN_TYPE = YES_ERROR;
				GCC_WARN_UNDECLARED_SELECTOR = YES;
				GCC_WARN_UNINITIALIZED_AUTOS = YES_AGGRESSIVE;
				GCC_WARN_UNUSED_FUNCTION = YES;
				GCC_WARN_UNUSED_VARIABLE = YES;
				MACOSX_DEPLOYMENT_TARGET = 10.14;
				MTL_ENABLE_DEBUG_INFO = INCLUDE_SOURCE;
				MTL_FAST_MATH = YES;
				ONLY_ACTIVE_ARCH = YES;
				SDKROOT = macosx;
			};
			name = Debug;
		};
		E3A5ACEC25F3616900C585A2 /* Release */ = {
			isa = XCBuildConfiguration;
			buildSettings = {
				ALWAYS_SEARCH_USER_PATHS = NO;
				CLANG_ANALYZER_NONNULL = YES;
				CLANG_ANALYZER_NUMBER_OBJECT_CONVERSION = YES_AGGRESSIVE;
				CLANG_CXX_LANGUAGE_STANDARD = "gnu++14";
				CLANG_CXX_LIBRARY = "libc++";
				CLANG_ENABLE_MODULES = YES;
				CLANG_ENABLE_OBJC_ARC = YES;
				CLANG_ENABLE_OBJC_WEAK = YES;
				CLANG_WARN_BLOCK_CAPTURE_AUTORELEASING = YES;
				CLANG_WARN_BOOL_CONVERSION = YES;
				CLANG_WARN_COMMA = YES;
				CLANG_WARN_CONSTANT_CONVERSION = YES;
				CLANG_WARN_DEPRECATED_OBJC_IMPLEMENTATIONS = YES;
				CLANG_WARN_DIRECT_OBJC_ISA_USAGE = YES_ERROR;
				CLANG_WARN_DOCUMENTATION_COMMENTS = YES;
				CLANG_WARN_EMPTY_BODY = YES;
				CLANG_WARN_ENUM_CONVERSION = YES;
				CLANG_WARN_INFINITE_RECURSION = YES;
				CLANG_WARN_INT_CONVERSION = YES;
				CLANG_WARN_NON_LITERAL_NULL_CONVERSION = YES;
				CLANG_WARN_OBJC_IMPLICIT_RETAIN_SELF = YES;
				CLANG_WARN_OBJC_LITERAL_CONVERSION = YES;
				CLANG_WARN_OBJC_ROOT_CLASS = YES_ERROR;
				CLANG_WARN_RANGE_LOOP_ANALYSIS = YES;
				CLANG_WARN_STRICT_PROTOTYPES = YES;
				CLANG_WARN_SUSPICIOUS_MOVE = YES;
				CLANG_WARN_UNGUARDED_AVAILABILITY = YES_AGGRESSIVE;
				CLANG_WARN_UNREACHABLE_CODE = YES;
				CLANG_WARN__DUPLICATE_METHOD_MATCH = YES;
				COPY_PHASE_STRIP = NO;
				DEBUG_INFORMATION_FORMAT = "dwarf-with-dsym";
				ENABLE_NS_ASSERTIONS = NO;
				ENABLE_STRICT_OBJC_MSGSEND = YES;
				GCC_C_LANGUAGE_STANDARD = gnu11;
				GCC_NO_COMMON_BLOCKS = YES;
				GCC_WARN_64_TO_32_BIT_CONVERSION = YES;
				GCC_WARN_ABOUT_RETURN_TYPE = YES_ERROR;
				GCC_WARN_UNDECLARED_SELECTOR = YES;
				GCC_WARN_UNINITIALIZED_AUTOS = YES_AGGRESSIVE;
				GCC_WARN_UNUSED_FUNCTION = YES;
				GCC_WARN_UNUSED_VARIABLE = YES;
				MACOSX_DEPLOYMENT_TARGET = 10.14;
				MTL_ENABLE_DEBUG_INFO = NO;
				MTL_FAST_MATH = YES;
				SDKROOT = macosx;
			};
			name = Release;
		};
		E3A5ACEE25F3616900C585A2 /* Debug */ = {
			isa = XCBuildConfiguration;
			buildSettings = {
				CODE_SIGN_STYLE = Automatic;
				DEVELOPMENT_TEAM = MVU89C43SX;
				ENABLE_HARDENED_RUNTIME = YES;
				PRODUCT_NAME = "$(TARGET_NAME)";
			};
			name = Debug;
		};
		E3A5ACEF25F3616900C585A2 /* Release */ = {
			isa = XCBuildConfiguration;
			buildSettings = {
				CODE_SIGN_STYLE = Automatic;
				DEVELOPMENT_TEAM = MVU89C43SX;
				ENABLE_HARDENED_RUNTIME = YES;
				PRODUCT_NAME = "$(TARGET_NAME)";
			};
			name = Release;
		};
/* End XCBuildConfiguration section */

/* Begin XCConfigurationList section */
		E3A5ACE125F3616900C585A2 /* Build configuration list for PBXProject "Xcode_11" */ = {
			isa = XCConfigurationList;
			buildConfigurations = (
				E3A5ACEB25F3616900C585A2 /* Debug */,
				E3A5ACEC25F3616900C585A2 /* Release */,
			);
			defaultConfigurationIsVisible = 0;
			defaultConfigurationName = Release;
		};
		E3A5ACED25F3616900C585A2 /* Build configuration list for PBXNativeTarget "Xcode_11" */ = {
			isa = XCConfigurationList;
			buildConfigurations = (
				E3A5ACEE25F3616900C585A2 /* Debug */,
				E3A5ACEF25F3616900C585A2 /* Release */,
			);
			defaultConfigurationIsVisible = 0;
			defaultConfigurationName = Release;
		};
/* End XCConfigurationList section */
	};
	rootObject = E3A5ACDE25F3616900C585A2 /* Project object */;
}
